// !$*UTF8*$!
{
	archiveVersion = 1;
	classes = {
	};
	objectVersion = 55;
	objects = {

/* Begin PBXBuildFile section */
		6BA91FBC2545A6CCC626F4F1 /* Pods_GitCatTests.framework in Frameworks */ = {isa = PBXBuildFile; fileRef = 3E3D3101AB101E594ED9E93C /* Pods_GitCatTests.framework */; };
		75C9B9304F6DC215A915785C /* Pods_GitCat_GitCatUITests.framework in Frameworks */ = {isa = PBXBuildFile; fileRef = 82B738712B077CF7DDD6608A /* Pods_GitCat_GitCatUITests.framework */; };
		A604334828BC3F1300FCA105 /* BookmarksViewModel.swift in Sources */ = {isa = PBXBuildFile; fileRef = A604334728BC3F1300FCA105 /* BookmarksViewModel.swift */; };
		A60C207728D106250031DFE0 /* SplashViewController.swift in Sources */ = {isa = PBXBuildFile; fileRef = A60C207628D106250031DFE0 /* SplashViewController.swift */; };
		A6260A3928883D6300276B91 /* AppDelegate.swift in Sources */ = {isa = PBXBuildFile; fileRef = A6260A3828883D6300276B91 /* AppDelegate.swift */; };
		A6260A3B28883D6300276B91 /* SceneDelegate.swift in Sources */ = {isa = PBXBuildFile; fileRef = A6260A3A28883D6300276B91 /* SceneDelegate.swift */; };
		A6260A4028883D6300276B91 /* Main.storyboard in Resources */ = {isa = PBXBuildFile; fileRef = A6260A3E28883D6300276B91 /* Main.storyboard */; };
		A6260A4328883D6300276B91 /* GitCat.xcdatamodeld in Sources */ = {isa = PBXBuildFile; fileRef = A6260A4128883D6300276B91 /* GitCat.xcdatamodeld */; };
		A6260A4528883D6500276B91 /* Assets.xcassets in Resources */ = {isa = PBXBuildFile; fileRef = A6260A4428883D6500276B91 /* Assets.xcassets */; };
		A6260A4828883D6500276B91 /* LaunchScreen.storyboard in Resources */ = {isa = PBXBuildFile; fileRef = A6260A4628883D6500276B91 /* LaunchScreen.storyboard */; };
		A6260A5328883D6500276B91 /* GitCatTests.swift in Sources */ = {isa = PBXBuildFile; fileRef = A6260A5228883D6500276B91 /* GitCatTests.swift */; };
		A6260A5D28883D6500276B91 /* GitCatUITests.swift in Sources */ = {isa = PBXBuildFile; fileRef = A6260A5C28883D6500276B91 /* GitCatUITests.swift */; };
		A6260A5F28883D6500276B91 /* GitCatUITestsLaunchTests.swift in Sources */ = {isa = PBXBuildFile; fileRef = A6260A5E28883D6500276B91 /* GitCatUITestsLaunchTests.swift */; };
		A6260A6C28883E8600276B91 /* UsersListViewController.swift in Sources */ = {isa = PBXBuildFile; fileRef = A6260A6B28883E8600276B91 /* UsersListViewController.swift */; };
		A63055F528D144D9001A0C9C /* ProfileViewModel.swift in Sources */ = {isa = PBXBuildFile; fileRef = A63055F428D144D9001A0C9C /* ProfileViewModel.swift */; };
		A63055F728D39D27001A0C9C /* ExploreViewController+SearchExtension.swift in Sources */ = {isa = PBXBuildFile; fileRef = A63055F628D39D27001A0C9C /* ExploreViewController+SearchExtension.swift */; };
		A63B410A28BE4FF400E624DB /* IssuesViewController.swift in Sources */ = {isa = PBXBuildFile; fileRef = A63B410928BE4FF400E624DB /* IssuesViewController.swift */; };
		A63B410C28BE507400E624DB /* IssuesViewModel.swift in Sources */ = {isa = PBXBuildFile; fileRef = A63B410B28BE507400E624DB /* IssuesViewModel.swift */; };
		A63B410E28BE52F400E624DB /* IssuesModel.swift in Sources */ = {isa = PBXBuildFile; fileRef = A63B410D28BE52F400E624DB /* IssuesModel.swift */; };
		A63B411028BE59C000E624DB /* IssuesViewController+TableViewExtention.swift in Sources */ = {isa = PBXBuildFile; fileRef = A63B410F28BE59C000E624DB /* IssuesViewController+TableViewExtention.swift */; };
		A63B411228BE5CBF00E624DB /* IssuesViewController+SearchExtention.swift in Sources */ = {isa = PBXBuildFile; fileRef = A63B411128BE5CBF00E624DB /* IssuesViewController+SearchExtention.swift */; };
		A63B411528BE618500E624DB /* WebViewViewController.swift in Sources */ = {isa = PBXBuildFile; fileRef = A63B411428BE618500E624DB /* WebViewViewController.swift */; };
		A63B411B28BE90DD00E624DB /* ExploreViewController.swift in Sources */ = {isa = PBXBuildFile; fileRef = A63B411A28BE90DD00E624DB /* ExploreViewController.swift */; };
		A63B411D28BE90F000E624DB /* ExploreViewModel.swift in Sources */ = {isa = PBXBuildFile; fileRef = A63B411C28BE90F000E624DB /* ExploreViewModel.swift */; };
		A63B411F28BEB37D00E624DB /* ExploreViewController+TableViewExtention.swift in Sources */ = {isa = PBXBuildFile; fileRef = A63B411E28BEB37D00E624DB /* ExploreViewController+TableViewExtention.swift */; };
		A63B412228BEB49C00E624DB /* ExploreTableViewCell.swift in Sources */ = {isa = PBXBuildFile; fileRef = A63B412028BEB49C00E624DB /* ExploreTableViewCell.swift */; };
		A63B412328BEB49C00E624DB /* ExploreTableViewCell.xib in Resources */ = {isa = PBXBuildFile; fileRef = A63B412128BEB49C00E624DB /* ExploreTableViewCell.xib */; };
		A64C600228CB6B0D0070C77B /* LoginViewController.swift in Sources */ = {isa = PBXBuildFile; fileRef = A64C600128CB6B0D0070C77B /* LoginViewController.swift */; };
		A64C600628CC105E0070C77B /* APIManager.swift in Sources */ = {isa = PBXBuildFile; fileRef = A64C600528CC105E0070C77B /* APIManager.swift */; };
		A6593562289D67A1006A95F6 /* HomeTableViewCell.swift in Sources */ = {isa = PBXBuildFile; fileRef = A6593560289D67A1006A95F6 /* HomeTableViewCell.swift */; };
		A6593563289D67A1006A95F6 /* HomeTableViewCell.xib in Resources */ = {isa = PBXBuildFile; fileRef = A6593561289D67A1006A95F6 /* HomeTableViewCell.xib */; };
		A65DECB828B0398B00FDC2B6 /* UserDetailsViewModel.swift in Sources */ = {isa = PBXBuildFile; fileRef = A65DECB728B0398A00FDC2B6 /* UserDetailsViewModel.swift */; };
		A65DECBC28B152E100FDC2B6 /* RepositoriesViewModel.swift in Sources */ = {isa = PBXBuildFile; fileRef = A65DECBB28B152E100FDC2B6 /* RepositoriesViewModel.swift */; };
		A67074D528A3E47500DBBB3F /* SettingsViewController.swift in Sources */ = {isa = PBXBuildFile; fileRef = A67074D428A3E47500DBBB3F /* SettingsViewController.swift */; };
		A67074D728A3E85400DBBB3F /* UserInfoHeader.swift in Sources */ = {isa = PBXBuildFile; fileRef = A67074D628A3E85400DBBB3F /* UserInfoHeader.swift */; };
		A67074DB28A3F38500DBBB3F /* SettingsSection.swift in Sources */ = {isa = PBXBuildFile; fileRef = A67074DA28A3F38500DBBB3F /* SettingsSection.swift */; };
		A67074E128A4216200DBBB3F /* SettingsTableViewCell.swift in Sources */ = {isa = PBXBuildFile; fileRef = A67074DF28A4216200DBBB3F /* SettingsTableViewCell.swift */; };
		A67074E228A4216200DBBB3F /* SettingsTableViewCell.xib in Resources */ = {isa = PBXBuildFile; fileRef = A67074E028A4216200DBBB3F /* SettingsTableViewCell.xib */; };
		A6781717289C28A9007F6BBC /* Constants.swift in Sources */ = {isa = PBXBuildFile; fileRef = A6781716289C28A9007F6BBC /* Constants.swift */; };
		A6781719289C3F93007F6BBC /* HomeViewController.swift in Sources */ = {isa = PBXBuildFile; fileRef = A6781718289C3F93007F6BBC /* HomeViewController.swift */; };
		A699421828A31373000B2410 /* CommitsViewController.swift in Sources */ = {isa = PBXBuildFile; fileRef = A699421728A31373000B2410 /* CommitsViewController.swift */; };
		A699421E28A3146D000B2410 /* CommitsTableViewCell.swift in Sources */ = {isa = PBXBuildFile; fileRef = A699421C28A3146D000B2410 /* CommitsTableViewCell.swift */; };
		A699421F28A3146D000B2410 /* CommitsTableViewCell.xib in Resources */ = {isa = PBXBuildFile; fileRef = A699421D28A3146D000B2410 /* CommitsTableViewCell.xib */; };
		A699422428A31E05000B2410 /* BookmarksViewController.swift in Sources */ = {isa = PBXBuildFile; fileRef = A699422328A31E05000B2410 /* BookmarksViewController.swift */; };
		A6AC5C6228885292003415FC /* NetworkingManager.swift in Sources */ = {isa = PBXBuildFile; fileRef = A6AC5C6128885292003415FC /* NetworkingManager.swift */; };
		A6AC5C64288852BA003415FC /* ApiService.swift in Sources */ = {isa = PBXBuildFile; fileRef = A6AC5C63288852BA003415FC /* ApiService.swift */; };
		A6AC5C66288852C5003415FC /* URLs.swift in Sources */ = {isa = PBXBuildFile; fileRef = A6AC5C65288852C5003415FC /* URLs.swift */; };
		A6AC5C6E2889991C003415FC /* UsersListViewModel.swift in Sources */ = {isa = PBXBuildFile; fileRef = A6AC5C6D2889991C003415FC /* UsersListViewModel.swift */; };
		A6AC5C712889A8E1003415FC /* UsersListTableViewCell.swift in Sources */ = {isa = PBXBuildFile; fileRef = A6AC5C6F2889A8E1003415FC /* UsersListTableViewCell.swift */; };
		A6AC5C722889A8E1003415FC /* UsersListTableViewCell.xib in Resources */ = {isa = PBXBuildFile; fileRef = A6AC5C702889A8E1003415FC /* UsersListTableViewCell.xib */; };
		A6AC5C74288B0543003415FC /* UsersListViewController+SearchExtension.swift in Sources */ = {isa = PBXBuildFile; fileRef = A6AC5C73288B0543003415FC /* UsersListViewController+SearchExtension.swift */; };
		A6AC5C76288B058D003415FC /* UsersListViewController+TableViewExtension.swift in Sources */ = {isa = PBXBuildFile; fileRef = A6AC5C75288B058D003415FC /* UsersListViewController+TableViewExtension.swift */; };
		A6B518C728CF675E00D699D6 /* NetworkLogger.swift in Sources */ = {isa = PBXBuildFile; fileRef = A6B518C628CF675E00D699D6 /* NetworkLogger.swift */; };
		A6B518C928CF676F00D699D6 /* RequestInterceptor.swift in Sources */ = {isa = PBXBuildFile; fileRef = A6B518C828CF676F00D699D6 /* RequestInterceptor.swift */; };
		A6B518CC28CF6CAF00D699D6 /* GitHubAccessToken.swift in Sources */ = {isa = PBXBuildFile; fileRef = A6B518CB28CF6CAF00D699D6 /* GitHubAccessToken.swift */; };
		A6B518CE28CF719700D699D6 /* TokenManager.swift in Sources */ = {isa = PBXBuildFile; fileRef = A6B518CD28CF719700D699D6 /* TokenManager.swift */; };
		A6B518D228CF789000D699D6 /* SecureStore.swift in Sources */ = {isa = PBXBuildFile; fileRef = A6B518D128CF789000D699D6 /* SecureStore.swift */; };
		A6B518D428CF78B100D699D6 /* SecureStoreError.swift in Sources */ = {isa = PBXBuildFile; fileRef = A6B518D328CF78B100D699D6 /* SecureStoreError.swift */; };
		A6B518D628CF78CE00D699D6 /* SecureStoreQueryable.swift in Sources */ = {isa = PBXBuildFile; fileRef = A6B518D528CF78CD00D699D6 /* SecureStoreQueryable.swift */; };
		A6BB748328B2EF780051C48F /* CommitsViewModel.swift in Sources */ = {isa = PBXBuildFile; fileRef = A6BB748228B2EF780051C48F /* CommitsViewModel.swift */; };
		A6BB748528B2EFEB0051C48F /* CommitsModel.swift in Sources */ = {isa = PBXBuildFile; fileRef = A6BB748428B2EFEB0051C48F /* CommitsModel.swift */; };
		A6BB748728B301420051C48F /* SearchRepositoriesModel.swift in Sources */ = {isa = PBXBuildFile; fileRef = A6BB748628B301420051C48F /* SearchRepositoriesModel.swift */; };
		A6BB748A28B31B610051C48F /* OrganizationModel.swift in Sources */ = {isa = PBXBuildFile; fileRef = A6BB748928B31B610051C48F /* OrganizationModel.swift */; };
		A6BB748E28B3C0E30051C48F /* SearchHistoryViewController.swift in Sources */ = {isa = PBXBuildFile; fileRef = A6BB748D28B3C0E30051C48F /* SearchHistoryViewController.swift */; };
		A6BB749028B3C0F60051C48F /* SearchHistoryViewModel.swift in Sources */ = {isa = PBXBuildFile; fileRef = A6BB748F28B3C0F60051C48F /* SearchHistoryViewModel.swift */; };
		A6BB749628B3D2CE0051C48F /* RecentSearchTableViewCell.swift in Sources */ = {isa = PBXBuildFile; fileRef = A6BB749428B3D2CE0051C48F /* RecentSearchTableViewCell.swift */; };
		A6BB749728B3D2CE0051C48F /* RecentSearchTableViewCell.xib in Resources */ = {isa = PBXBuildFile; fileRef = A6BB749528B3D2CE0051C48F /* RecentSearchTableViewCell.xib */; };
		A6BB749A28B51E190051C48F /* SettingsViewController+TableViewExtention.swift in Sources */ = {isa = PBXBuildFile; fileRef = A6BB749928B51E190051C48F /* SettingsViewController+TableViewExtention.swift */; };
		A6BB749D28B51EFA0051C48F /* RecentVisitedUsersHeader.swift in Sources */ = {isa = PBXBuildFile; fileRef = A6BB749C28B51EFA0051C48F /* RecentVisitedUsersHeader.swift */; };
		A6BB74A228B522F80051C48F /* RecentVisitedUsersCollectionViewCell.swift in Sources */ = {isa = PBXBuildFile; fileRef = A6BB74A028B522F80051C48F /* RecentVisitedUsersCollectionViewCell.swift */; };
		A6BB74A328B522F80051C48F /* RecentVisitedUsersCollectionViewCell.xib in Resources */ = {isa = PBXBuildFile; fileRef = A6BB74A128B522F80051C48F /* RecentVisitedUsersCollectionViewCell.xib */; };
		A6BB74AF28B5625A0051C48F /* OrganizationsViewController.swift in Sources */ = {isa = PBXBuildFile; fileRef = A6BB74AE28B5625A0051C48F /* OrganizationsViewController.swift */; };
		A6BB74B128B562670051C48F /* OrganizationsViewModel.swift in Sources */ = {isa = PBXBuildFile; fileRef = A6BB74B028B562670051C48F /* OrganizationsViewModel.swift */; };
		A6BB74B528B562970051C48F /* OrganizationsTableViewCell.swift in Sources */ = {isa = PBXBuildFile; fileRef = A6BB74B328B562970051C48F /* OrganizationsTableViewCell.swift */; };
		A6BB74B628B562970051C48F /* OrganizationsTableViewCell.xib in Resources */ = {isa = PBXBuildFile; fileRef = A6BB74B428B562970051C48F /* OrganizationsTableViewCell.xib */; };
		A6BB74BB28B85ECB0051C48F /* OrganizationsViewController+TableViewExtention.swift in Sources */ = {isa = PBXBuildFile; fileRef = A6BB74BA28B85ECB0051C48F /* OrganizationsViewController+TableViewExtention.swift */; };
		A6BB74BE28B9226B0051C48F /* CoreDataManager.swift in Sources */ = {isa = PBXBuildFile; fileRef = A6BB74BD28B9226B0051C48F /* CoreDataManager.swift */; };
		A6C6432328A67CAF00271B3D /* UserDetailsViewController+TableViewExtension.swift in Sources */ = {isa = PBXBuildFile; fileRef = A6C6432228A67CAF00271B3D /* UserDetailsViewController+TableViewExtension.swift */; };
		A6C6432628A67F7400271B3D /* RepositoriesViewController+SearchExtention.swift in Sources */ = {isa = PBXBuildFile; fileRef = A6C6432528A67F7400271B3D /* RepositoriesViewController+SearchExtention.swift */; };
		A6C6432828A6802C00271B3D /* CommitsViewController+TableViewExtention.swift in Sources */ = {isa = PBXBuildFile; fileRef = A6C6432728A6802C00271B3D /* CommitsViewController+TableViewExtention.swift */; };
		A6C6432A28A683B700271B3D /* BookmarksViewController+TableViewExtention.swift in Sources */ = {isa = PBXBuildFile; fileRef = A6C6432928A683B600271B3D /* BookmarksViewController+TableViewExtention.swift */; };
		A6C6432C28A6840900271B3D /* BookmarksViewController+SearchExtention.swift in Sources */ = {isa = PBXBuildFile; fileRef = A6C6432B28A6840900271B3D /* BookmarksViewController+SearchExtention.swift */; };
		A6C6433428A6E8E900271B3D /* SearchUsersModel.swift in Sources */ = {isa = PBXBuildFile; fileRef = A6C6433328A6E8E800271B3D /* SearchUsersModel.swift */; };
		A6C73FDE289D713A001C7E16 /* HomeViewController+TableViewExtension.swift in Sources */ = {isa = PBXBuildFile; fileRef = A6C73FDD289D7139001C7E16 /* HomeViewController+TableViewExtension.swift */; };
		A6C73FE9289F2017001C7E16 /* HomeViewController+SearchExtension.swift in Sources */ = {isa = PBXBuildFile; fileRef = A6C73FE8289F2017001C7E16 /* HomeViewController+SearchExtension.swift */; };
		A6E560DF28CFEF8700570357 /* Router.swift in Sources */ = {isa = PBXBuildFile; fileRef = A6E560DE28CFEF8700570357 /* Router.swift */; };
		A6E7FFAF288C3F0F0055B0FA /* NetworkReachability.swift in Sources */ = {isa = PBXBuildFile; fileRef = A6E7FFAE288C3F0F0055B0FA /* NetworkReachability.swift */; };
		A6E92EA228A12F800085F163 /* UserDetailsViewController.swift in Sources */ = {isa = PBXBuildFile; fileRef = A6E92EA128A12F800085F163 /* UserDetailsViewController.swift */; };
		A6E92EB728A299950085F163 /* UserDetailsTableViewCell.swift in Sources */ = {isa = PBXBuildFile; fileRef = A6E92EB528A299950085F163 /* UserDetailsTableViewCell.swift */; };
		A6E92EB828A299950085F163 /* UserDetailsTableViewCell.xib in Resources */ = {isa = PBXBuildFile; fileRef = A6E92EB628A299950085F163 /* UserDetailsTableViewCell.xib */; };
		A6E92EBE28A2A9460085F163 /* ProfileViewController.swift in Sources */ = {isa = PBXBuildFile; fileRef = A6E92EBD28A2A9460085F163 /* ProfileViewController.swift */; };
		A6E92EC028A2B59C0085F163 /* ProfileViewController+TableViewExtension.swift in Sources */ = {isa = PBXBuildFile; fileRef = A6E92EBF28A2B59C0085F163 /* ProfileViewController+TableViewExtension.swift */; };
		A6E92EC428A2BC500085F163 /* RepositoriesViewController.swift in Sources */ = {isa = PBXBuildFile; fileRef = A6E92EC328A2BC500085F163 /* RepositoriesViewController.swift */; };
		A6E92EC628A2BD1F0085F163 /* RepositoriesViewController+TableViewExtention.swift in Sources */ = {isa = PBXBuildFile; fileRef = A6E92EC528A2BD1F0085F163 /* RepositoriesViewController+TableViewExtention.swift */; };
		A6E92ECC28A2BE240085F163 /* RepositoriesTableViewCell.swift in Sources */ = {isa = PBXBuildFile; fileRef = A6E92ECA28A2BE240085F163 /* RepositoriesTableViewCell.swift */; };
		A6E92ECD28A2BE240085F163 /* RepositoriesTableViewCell.xib in Resources */ = {isa = PBXBuildFile; fileRef = A6E92ECB28A2BE240085F163 /* RepositoriesTableViewCell.xib */; };
		A6EFEDD428C9458100EC84C4 /* UserListViewController+ContextMenuExtension.swift in Sources */ = {isa = PBXBuildFile; fileRef = A6EFEDD328C9458100EC84C4 /* UserListViewController+ContextMenuExtension.swift */; };
		A6EFEDD628C947EF00EC84C4 /* RepositoriesViewController+ContextMenuExtention.swift in Sources */ = {isa = PBXBuildFile; fileRef = A6EFEDD528C947EF00EC84C4 /* RepositoriesViewController+ContextMenuExtention.swift */; };
		A6EFEDD828C9485000EC84C4 /* RepositoriesViewController+RepostableCellDelegateExtention.swift in Sources */ = {isa = PBXBuildFile; fileRef = A6EFEDD728C9485000EC84C4 /* RepositoriesViewController+RepostableCellDelegateExtention.swift */; };
		A6F80C2028BEDCD100A44E99 /* HomeViewModel.swift in Sources */ = {isa = PBXBuildFile; fileRef = A6F80C1F28BEDCD100A44E99 /* HomeViewModel.swift */; };
		A6F80C2628C0261C00A44E99 /* CollectionViewTableViewCell.swift in Sources */ = {isa = PBXBuildFile; fileRef = A6F80C2428C0261C00A44E99 /* CollectionViewTableViewCell.swift */; };
		A6F80C2728C0261C00A44E99 /* CollectionViewTableViewCell.xib in Resources */ = {isa = PBXBuildFile; fileRef = A6F80C2528C0261C00A44E99 /* CollectionViewTableViewCell.xib */; };
		D45C49B2761BA5936A049BBA /* Pods_GitCat.framework in Frameworks */ = {isa = PBXBuildFile; fileRef = 7F8FC76201521B2B001E68BB /* Pods_GitCat.framework */; };
/* End PBXBuildFile section */

/* Begin PBXContainerItemProxy section */
		A6260A4F28883D6500276B91 /* PBXContainerItemProxy */ = {
			isa = PBXContainerItemProxy;
			containerPortal = A6260A2D28883D6300276B91 /* Project object */;
			proxyType = 1;
			remoteGlobalIDString = A6260A3428883D6300276B91;
			remoteInfo = GitCat;
		};
		A6260A5928883D6500276B91 /* PBXContainerItemProxy */ = {
			isa = PBXContainerItemProxy;
			containerPortal = A6260A2D28883D6300276B91 /* Project object */;
			proxyType = 1;
			remoteGlobalIDString = A6260A3428883D6300276B91;
			remoteInfo = GitCat;
		};
/* End PBXContainerItemProxy section */

/* Begin PBXFileReference section */
		0B53FFE354499FE44F1CD07C /* Pods-GitCatTests.release.xcconfig */ = {isa = PBXFileReference; includeInIndex = 1; lastKnownFileType = text.xcconfig; name = "Pods-GitCatTests.release.xcconfig"; path = "Target Support Files/Pods-GitCatTests/Pods-GitCatTests.release.xcconfig"; sourceTree = "<group>"; };
		11413AE2D054C274118FC5BC /* Pods-GitCatTests.debug.xcconfig */ = {isa = PBXFileReference; includeInIndex = 1; lastKnownFileType = text.xcconfig; name = "Pods-GitCatTests.debug.xcconfig"; path = "Target Support Files/Pods-GitCatTests/Pods-GitCatTests.debug.xcconfig"; sourceTree = "<group>"; };
		3E3D3101AB101E594ED9E93C /* Pods_GitCatTests.framework */ = {isa = PBXFileReference; explicitFileType = wrapper.framework; includeInIndex = 0; path = Pods_GitCatTests.framework; sourceTree = BUILT_PRODUCTS_DIR; };
		42440A31115A4FD6716E26DF /* Pods-GitCat-GitCatUITests.debug.xcconfig */ = {isa = PBXFileReference; includeInIndex = 1; lastKnownFileType = text.xcconfig; name = "Pods-GitCat-GitCatUITests.debug.xcconfig"; path = "Target Support Files/Pods-GitCat-GitCatUITests/Pods-GitCat-GitCatUITests.debug.xcconfig"; sourceTree = "<group>"; };
		45118C17D36FC19E20D924A5 /* Pods-GitCat-GitCatUITests.release.xcconfig */ = {isa = PBXFileReference; includeInIndex = 1; lastKnownFileType = text.xcconfig; name = "Pods-GitCat-GitCatUITests.release.xcconfig"; path = "Target Support Files/Pods-GitCat-GitCatUITests/Pods-GitCat-GitCatUITests.release.xcconfig"; sourceTree = "<group>"; };
		51C4C0B35B30808D4E146CD1 /* Pods-GitCat.debug.xcconfig */ = {isa = PBXFileReference; includeInIndex = 1; lastKnownFileType = text.xcconfig; name = "Pods-GitCat.debug.xcconfig"; path = "Target Support Files/Pods-GitCat/Pods-GitCat.debug.xcconfig"; sourceTree = "<group>"; };
		60BB5120238F895C84C842AD /* Pods-GitCat.release.xcconfig */ = {isa = PBXFileReference; includeInIndex = 1; lastKnownFileType = text.xcconfig; name = "Pods-GitCat.release.xcconfig"; path = "Target Support Files/Pods-GitCat/Pods-GitCat.release.xcconfig"; sourceTree = "<group>"; };
		7F8FC76201521B2B001E68BB /* Pods_GitCat.framework */ = {isa = PBXFileReference; explicitFileType = wrapper.framework; includeInIndex = 0; path = Pods_GitCat.framework; sourceTree = BUILT_PRODUCTS_DIR; };
		82B738712B077CF7DDD6608A /* Pods_GitCat_GitCatUITests.framework */ = {isa = PBXFileReference; explicitFileType = wrapper.framework; includeInIndex = 0; path = Pods_GitCat_GitCatUITests.framework; sourceTree = BUILT_PRODUCTS_DIR; };
		A604334728BC3F1300FCA105 /* BookmarksViewModel.swift */ = {isa = PBXFileReference; lastKnownFileType = sourcecode.swift; path = BookmarksViewModel.swift; sourceTree = "<group>"; };
		A60C207628D106250031DFE0 /* SplashViewController.swift */ = {isa = PBXFileReference; lastKnownFileType = sourcecode.swift; path = SplashViewController.swift; sourceTree = "<group>"; };
		A6260A3528883D6300276B91 /* GitCat.app */ = {isa = PBXFileReference; explicitFileType = wrapper.application; includeInIndex = 0; path = GitCat.app; sourceTree = BUILT_PRODUCTS_DIR; };
		A6260A3828883D6300276B91 /* AppDelegate.swift */ = {isa = PBXFileReference; lastKnownFileType = sourcecode.swift; path = AppDelegate.swift; sourceTree = "<group>"; };
		A6260A3A28883D6300276B91 /* SceneDelegate.swift */ = {isa = PBXFileReference; lastKnownFileType = sourcecode.swift; path = SceneDelegate.swift; sourceTree = "<group>"; };
		A6260A3F28883D6300276B91 /* Base */ = {isa = PBXFileReference; lastKnownFileType = file.storyboard; name = Base; path = Base.lproj/Main.storyboard; sourceTree = "<group>"; };
		A6260A4228883D6300276B91 /* GitCat.xcdatamodel */ = {isa = PBXFileReference; lastKnownFileType = wrapper.xcdatamodel; path = GitCat.xcdatamodel; sourceTree = "<group>"; };
		A6260A4428883D6500276B91 /* Assets.xcassets */ = {isa = PBXFileReference; lastKnownFileType = folder.assetcatalog; path = Assets.xcassets; sourceTree = "<group>"; };
		A6260A4728883D6500276B91 /* Base */ = {isa = PBXFileReference; lastKnownFileType = file.storyboard; name = Base; path = Base.lproj/LaunchScreen.storyboard; sourceTree = "<group>"; };
		A6260A4928883D6500276B91 /* Info.plist */ = {isa = PBXFileReference; lastKnownFileType = text.plist.xml; path = Info.plist; sourceTree = "<group>"; };
		A6260A4E28883D6500276B91 /* GitCatTests.xctest */ = {isa = PBXFileReference; explicitFileType = wrapper.cfbundle; includeInIndex = 0; path = GitCatTests.xctest; sourceTree = BUILT_PRODUCTS_DIR; };
		A6260A5228883D6500276B91 /* GitCatTests.swift */ = {isa = PBXFileReference; lastKnownFileType = sourcecode.swift; path = GitCatTests.swift; sourceTree = "<group>"; };
		A6260A5828883D6500276B91 /* GitCatUITests.xctest */ = {isa = PBXFileReference; explicitFileType = wrapper.cfbundle; includeInIndex = 0; path = GitCatUITests.xctest; sourceTree = BUILT_PRODUCTS_DIR; };
		A6260A5C28883D6500276B91 /* GitCatUITests.swift */ = {isa = PBXFileReference; lastKnownFileType = sourcecode.swift; path = GitCatUITests.swift; sourceTree = "<group>"; };
		A6260A5E28883D6500276B91 /* GitCatUITestsLaunchTests.swift */ = {isa = PBXFileReference; lastKnownFileType = sourcecode.swift; path = GitCatUITestsLaunchTests.swift; sourceTree = "<group>"; };
		A6260A6B28883E8600276B91 /* UsersListViewController.swift */ = {isa = PBXFileReference; lastKnownFileType = sourcecode.swift; path = UsersListViewController.swift; sourceTree = "<group>"; };
		A63055F428D144D9001A0C9C /* ProfileViewModel.swift */ = {isa = PBXFileReference; lastKnownFileType = sourcecode.swift; path = ProfileViewModel.swift; sourceTree = "<group>"; };
		A63055F628D39D27001A0C9C /* ExploreViewController+SearchExtension.swift */ = {isa = PBXFileReference; lastKnownFileType = sourcecode.swift; path = "ExploreViewController+SearchExtension.swift"; sourceTree = "<group>"; };
		A63B410928BE4FF400E624DB /* IssuesViewController.swift */ = {isa = PBXFileReference; lastKnownFileType = sourcecode.swift; path = IssuesViewController.swift; sourceTree = "<group>"; };
		A63B410B28BE507400E624DB /* IssuesViewModel.swift */ = {isa = PBXFileReference; lastKnownFileType = sourcecode.swift; path = IssuesViewModel.swift; sourceTree = "<group>"; };
		A63B410D28BE52F400E624DB /* IssuesModel.swift */ = {isa = PBXFileReference; lastKnownFileType = sourcecode.swift; path = IssuesModel.swift; sourceTree = "<group>"; };
		A63B410F28BE59C000E624DB /* IssuesViewController+TableViewExtention.swift */ = {isa = PBXFileReference; lastKnownFileType = sourcecode.swift; path = "IssuesViewController+TableViewExtention.swift"; sourceTree = "<group>"; };
		A63B411128BE5CBF00E624DB /* IssuesViewController+SearchExtention.swift */ = {isa = PBXFileReference; lastKnownFileType = sourcecode.swift; path = "IssuesViewController+SearchExtention.swift"; sourceTree = "<group>"; };
		A63B411428BE618500E624DB /* WebViewViewController.swift */ = {isa = PBXFileReference; lastKnownFileType = sourcecode.swift; path = WebViewViewController.swift; sourceTree = "<group>"; };
		A63B411A28BE90DD00E624DB /* ExploreViewController.swift */ = {isa = PBXFileReference; lastKnownFileType = sourcecode.swift; path = ExploreViewController.swift; sourceTree = "<group>"; };
		A63B411C28BE90F000E624DB /* ExploreViewModel.swift */ = {isa = PBXFileReference; lastKnownFileType = sourcecode.swift; path = ExploreViewModel.swift; sourceTree = "<group>"; };
		A63B411E28BEB37D00E624DB /* ExploreViewController+TableViewExtention.swift */ = {isa = PBXFileReference; lastKnownFileType = sourcecode.swift; path = "ExploreViewController+TableViewExtention.swift"; sourceTree = "<group>"; };
		A63B412028BEB49C00E624DB /* ExploreTableViewCell.swift */ = {isa = PBXFileReference; lastKnownFileType = sourcecode.swift; path = ExploreTableViewCell.swift; sourceTree = "<group>"; };
		A63B412128BEB49C00E624DB /* ExploreTableViewCell.xib */ = {isa = PBXFileReference; lastKnownFileType = file.xib; path = ExploreTableViewCell.xib; sourceTree = "<group>"; };
		A64C600128CB6B0D0070C77B /* LoginViewController.swift */ = {isa = PBXFileReference; lastKnownFileType = sourcecode.swift; path = LoginViewController.swift; sourceTree = "<group>"; };
		A64C600528CC105E0070C77B /* APIManager.swift */ = {isa = PBXFileReference; lastKnownFileType = sourcecode.swift; path = APIManager.swift; sourceTree = "<group>"; };
		A6593560289D67A1006A95F6 /* HomeTableViewCell.swift */ = {isa = PBXFileReference; lastKnownFileType = sourcecode.swift; path = HomeTableViewCell.swift; sourceTree = "<group>"; };
		A6593561289D67A1006A95F6 /* HomeTableViewCell.xib */ = {isa = PBXFileReference; lastKnownFileType = file.xib; path = HomeTableViewCell.xib; sourceTree = "<group>"; };
		A65DECB728B0398A00FDC2B6 /* UserDetailsViewModel.swift */ = {isa = PBXFileReference; lastKnownFileType = sourcecode.swift; path = UserDetailsViewModel.swift; sourceTree = "<group>"; };
		A65DECBB28B152E100FDC2B6 /* RepositoriesViewModel.swift */ = {isa = PBXFileReference; lastKnownFileType = sourcecode.swift; path = RepositoriesViewModel.swift; sourceTree = "<group>"; };
		A67074D428A3E47500DBBB3F /* SettingsViewController.swift */ = {isa = PBXFileReference; lastKnownFileType = sourcecode.swift; path = SettingsViewController.swift; sourceTree = "<group>"; };
		A67074D628A3E85400DBBB3F /* UserInfoHeader.swift */ = {isa = PBXFileReference; lastKnownFileType = sourcecode.swift; path = UserInfoHeader.swift; sourceTree = "<group>"; };
		A67074DA28A3F38500DBBB3F /* SettingsSection.swift */ = {isa = PBXFileReference; lastKnownFileType = sourcecode.swift; path = SettingsSection.swift; sourceTree = "<group>"; };
		A67074DF28A4216200DBBB3F /* SettingsTableViewCell.swift */ = {isa = PBXFileReference; lastKnownFileType = sourcecode.swift; path = SettingsTableViewCell.swift; sourceTree = "<group>"; };
		A67074E028A4216200DBBB3F /* SettingsTableViewCell.xib */ = {isa = PBXFileReference; lastKnownFileType = file.xib; path = SettingsTableViewCell.xib; sourceTree = "<group>"; };
		A6781716289C28A9007F6BBC /* Constants.swift */ = {isa = PBXFileReference; lastKnownFileType = sourcecode.swift; path = Constants.swift; sourceTree = "<group>"; };
		A6781718289C3F93007F6BBC /* HomeViewController.swift */ = {isa = PBXFileReference; lastKnownFileType = sourcecode.swift; path = HomeViewController.swift; sourceTree = "<group>"; };
		A699421728A31373000B2410 /* CommitsViewController.swift */ = {isa = PBXFileReference; lastKnownFileType = sourcecode.swift; path = CommitsViewController.swift; sourceTree = "<group>"; };
		A699421C28A3146D000B2410 /* CommitsTableViewCell.swift */ = {isa = PBXFileReference; lastKnownFileType = sourcecode.swift; path = CommitsTableViewCell.swift; sourceTree = "<group>"; };
		A699421D28A3146D000B2410 /* CommitsTableViewCell.xib */ = {isa = PBXFileReference; lastKnownFileType = file.xib; path = CommitsTableViewCell.xib; sourceTree = "<group>"; };
		A699422328A31E05000B2410 /* BookmarksViewController.swift */ = {isa = PBXFileReference; lastKnownFileType = sourcecode.swift; path = BookmarksViewController.swift; sourceTree = "<group>"; };
		A6AC5C6128885292003415FC /* NetworkingManager.swift */ = {isa = PBXFileReference; lastKnownFileType = sourcecode.swift; path = NetworkingManager.swift; sourceTree = "<group>"; };
		A6AC5C63288852BA003415FC /* ApiService.swift */ = {isa = PBXFileReference; lastKnownFileType = sourcecode.swift; path = ApiService.swift; sourceTree = "<group>"; };
		A6AC5C65288852C5003415FC /* URLs.swift */ = {isa = PBXFileReference; lastKnownFileType = sourcecode.swift; path = URLs.swift; sourceTree = "<group>"; };
		A6AC5C6D2889991C003415FC /* UsersListViewModel.swift */ = {isa = PBXFileReference; lastKnownFileType = sourcecode.swift; path = UsersListViewModel.swift; sourceTree = "<group>"; };
		A6AC5C6F2889A8E1003415FC /* UsersListTableViewCell.swift */ = {isa = PBXFileReference; lastKnownFileType = sourcecode.swift; path = UsersListTableViewCell.swift; sourceTree = "<group>"; };
		A6AC5C702889A8E1003415FC /* UsersListTableViewCell.xib */ = {isa = PBXFileReference; lastKnownFileType = file.xib; path = UsersListTableViewCell.xib; sourceTree = "<group>"; };
		A6AC5C73288B0543003415FC /* UsersListViewController+SearchExtension.swift */ = {isa = PBXFileReference; lastKnownFileType = sourcecode.swift; path = "UsersListViewController+SearchExtension.swift"; sourceTree = "<group>"; };
		A6AC5C75288B058D003415FC /* UsersListViewController+TableViewExtension.swift */ = {isa = PBXFileReference; lastKnownFileType = sourcecode.swift; path = "UsersListViewController+TableViewExtension.swift"; sourceTree = "<group>"; };
		A6B518C628CF675E00D699D6 /* NetworkLogger.swift */ = {isa = PBXFileReference; lastKnownFileType = sourcecode.swift; path = NetworkLogger.swift; sourceTree = "<group>"; };
		A6B518C828CF676F00D699D6 /* RequestInterceptor.swift */ = {isa = PBXFileReference; lastKnownFileType = sourcecode.swift; path = RequestInterceptor.swift; sourceTree = "<group>"; };
		A6B518CB28CF6CAF00D699D6 /* GitHubAccessToken.swift */ = {isa = PBXFileReference; lastKnownFileType = sourcecode.swift; path = GitHubAccessToken.swift; sourceTree = "<group>"; };
		A6B518CD28CF719700D699D6 /* TokenManager.swift */ = {isa = PBXFileReference; lastKnownFileType = sourcecode.swift; path = TokenManager.swift; sourceTree = "<group>"; };
		A6B518D128CF789000D699D6 /* SecureStore.swift */ = {isa = PBXFileReference; lastKnownFileType = sourcecode.swift; path = SecureStore.swift; sourceTree = "<group>"; };
		A6B518D328CF78B100D699D6 /* SecureStoreError.swift */ = {isa = PBXFileReference; lastKnownFileType = sourcecode.swift; path = SecureStoreError.swift; sourceTree = "<group>"; };
		A6B518D528CF78CD00D699D6 /* SecureStoreQueryable.swift */ = {isa = PBXFileReference; lastKnownFileType = sourcecode.swift; path = SecureStoreQueryable.swift; sourceTree = "<group>"; };
		A6BB748228B2EF780051C48F /* CommitsViewModel.swift */ = {isa = PBXFileReference; lastKnownFileType = sourcecode.swift; path = CommitsViewModel.swift; sourceTree = "<group>"; };
		A6BB748428B2EFEB0051C48F /* CommitsModel.swift */ = {isa = PBXFileReference; lastKnownFileType = sourcecode.swift; path = CommitsModel.swift; sourceTree = "<group>"; };
		A6BB748628B301420051C48F /* SearchRepositoriesModel.swift */ = {isa = PBXFileReference; lastKnownFileType = sourcecode.swift; path = SearchRepositoriesModel.swift; sourceTree = "<group>"; };
		A6BB748928B31B610051C48F /* OrganizationModel.swift */ = {isa = PBXFileReference; lastKnownFileType = sourcecode.swift; path = OrganizationModel.swift; sourceTree = "<group>"; };
		A6BB748D28B3C0E30051C48F /* SearchHistoryViewController.swift */ = {isa = PBXFileReference; lastKnownFileType = sourcecode.swift; path = SearchHistoryViewController.swift; sourceTree = "<group>"; };
		A6BB748F28B3C0F60051C48F /* SearchHistoryViewModel.swift */ = {isa = PBXFileReference; lastKnownFileType = sourcecode.swift; path = SearchHistoryViewModel.swift; sourceTree = "<group>"; };
		A6BB749428B3D2CE0051C48F /* RecentSearchTableViewCell.swift */ = {isa = PBXFileReference; lastKnownFileType = sourcecode.swift; path = RecentSearchTableViewCell.swift; sourceTree = "<group>"; };
		A6BB749528B3D2CE0051C48F /* RecentSearchTableViewCell.xib */ = {isa = PBXFileReference; lastKnownFileType = file.xib; path = RecentSearchTableViewCell.xib; sourceTree = "<group>"; };
		A6BB749928B51E190051C48F /* SettingsViewController+TableViewExtention.swift */ = {isa = PBXFileReference; lastKnownFileType = sourcecode.swift; path = "SettingsViewController+TableViewExtention.swift"; sourceTree = "<group>"; };
		A6BB749C28B51EFA0051C48F /* RecentVisitedUsersHeader.swift */ = {isa = PBXFileReference; lastKnownFileType = sourcecode.swift; path = RecentVisitedUsersHeader.swift; sourceTree = "<group>"; };
		A6BB74A028B522F80051C48F /* RecentVisitedUsersCollectionViewCell.swift */ = {isa = PBXFileReference; lastKnownFileType = sourcecode.swift; path = RecentVisitedUsersCollectionViewCell.swift; sourceTree = "<group>"; };
		A6BB74A128B522F80051C48F /* RecentVisitedUsersCollectionViewCell.xib */ = {isa = PBXFileReference; lastKnownFileType = file.xib; path = RecentVisitedUsersCollectionViewCell.xib; sourceTree = "<group>"; };
		A6BB74AE28B5625A0051C48F /* OrganizationsViewController.swift */ = {isa = PBXFileReference; lastKnownFileType = sourcecode.swift; path = OrganizationsViewController.swift; sourceTree = "<group>"; };
		A6BB74B028B562670051C48F /* OrganizationsViewModel.swift */ = {isa = PBXFileReference; lastKnownFileType = sourcecode.swift; path = OrganizationsViewModel.swift; sourceTree = "<group>"; };
		A6BB74B328B562970051C48F /* OrganizationsTableViewCell.swift */ = {isa = PBXFileReference; lastKnownFileType = sourcecode.swift; path = OrganizationsTableViewCell.swift; sourceTree = "<group>"; };
		A6BB74B428B562970051C48F /* OrganizationsTableViewCell.xib */ = {isa = PBXFileReference; lastKnownFileType = file.xib; path = OrganizationsTableViewCell.xib; sourceTree = "<group>"; };
		A6BB74BA28B85ECB0051C48F /* OrganizationsViewController+TableViewExtention.swift */ = {isa = PBXFileReference; lastKnownFileType = sourcecode.swift; path = "OrganizationsViewController+TableViewExtention.swift"; sourceTree = "<group>"; };
		A6BB74BD28B9226B0051C48F /* CoreDataManager.swift */ = {isa = PBXFileReference; lastKnownFileType = sourcecode.swift; path = CoreDataManager.swift; sourceTree = "<group>"; };
		A6C6432228A67CAF00271B3D /* UserDetailsViewController+TableViewExtension.swift */ = {isa = PBXFileReference; lastKnownFileType = sourcecode.swift; path = "UserDetailsViewController+TableViewExtension.swift"; sourceTree = "<group>"; };
		A6C6432528A67F7400271B3D /* RepositoriesViewController+SearchExtention.swift */ = {isa = PBXFileReference; lastKnownFileType = sourcecode.swift; path = "RepositoriesViewController+SearchExtention.swift"; sourceTree = "<group>"; };
		A6C6432728A6802C00271B3D /* CommitsViewController+TableViewExtention.swift */ = {isa = PBXFileReference; lastKnownFileType = sourcecode.swift; path = "CommitsViewController+TableViewExtention.swift"; sourceTree = "<group>"; };
		A6C6432928A683B600271B3D /* BookmarksViewController+TableViewExtention.swift */ = {isa = PBXFileReference; lastKnownFileType = sourcecode.swift; path = "BookmarksViewController+TableViewExtention.swift"; sourceTree = "<group>"; };
		A6C6432B28A6840900271B3D /* BookmarksViewController+SearchExtention.swift */ = {isa = PBXFileReference; lastKnownFileType = sourcecode.swift; path = "BookmarksViewController+SearchExtention.swift"; sourceTree = "<group>"; };
		A6C6433328A6E8E800271B3D /* SearchUsersModel.swift */ = {isa = PBXFileReference; lastKnownFileType = sourcecode.swift; path = SearchUsersModel.swift; sourceTree = "<group>"; };
		A6C73FDD289D7139001C7E16 /* HomeViewController+TableViewExtension.swift */ = {isa = PBXFileReference; lastKnownFileType = sourcecode.swift; path = "HomeViewController+TableViewExtension.swift"; sourceTree = "<group>"; };
		A6C73FE8289F2017001C7E16 /* HomeViewController+SearchExtension.swift */ = {isa = PBXFileReference; lastKnownFileType = sourcecode.swift; path = "HomeViewController+SearchExtension.swift"; sourceTree = "<group>"; };
		A6E560DE28CFEF8700570357 /* Router.swift */ = {isa = PBXFileReference; lastKnownFileType = sourcecode.swift; path = Router.swift; sourceTree = "<group>"; };
		A6E7FFAE288C3F0F0055B0FA /* NetworkReachability.swift */ = {isa = PBXFileReference; lastKnownFileType = sourcecode.swift; path = NetworkReachability.swift; sourceTree = "<group>"; };
		A6E92EA128A12F800085F163 /* UserDetailsViewController.swift */ = {isa = PBXFileReference; lastKnownFileType = sourcecode.swift; path = UserDetailsViewController.swift; sourceTree = "<group>"; };
		A6E92EB528A299950085F163 /* UserDetailsTableViewCell.swift */ = {isa = PBXFileReference; lastKnownFileType = sourcecode.swift; path = UserDetailsTableViewCell.swift; sourceTree = "<group>"; };
		A6E92EB628A299950085F163 /* UserDetailsTableViewCell.xib */ = {isa = PBXFileReference; lastKnownFileType = file.xib; path = UserDetailsTableViewCell.xib; sourceTree = "<group>"; };
		A6E92EBD28A2A9460085F163 /* ProfileViewController.swift */ = {isa = PBXFileReference; lastKnownFileType = sourcecode.swift; path = ProfileViewController.swift; sourceTree = "<group>"; };
		A6E92EBF28A2B59C0085F163 /* ProfileViewController+TableViewExtension.swift */ = {isa = PBXFileReference; lastKnownFileType = sourcecode.swift; path = "ProfileViewController+TableViewExtension.swift"; sourceTree = "<group>"; };
		A6E92EC328A2BC500085F163 /* RepositoriesViewController.swift */ = {isa = PBXFileReference; lastKnownFileType = sourcecode.swift; path = RepositoriesViewController.swift; sourceTree = "<group>"; };
		A6E92EC528A2BD1F0085F163 /* RepositoriesViewController+TableViewExtention.swift */ = {isa = PBXFileReference; lastKnownFileType = sourcecode.swift; path = "RepositoriesViewController+TableViewExtention.swift"; sourceTree = "<group>"; };
		A6E92ECA28A2BE240085F163 /* RepositoriesTableViewCell.swift */ = {isa = PBXFileReference; lastKnownFileType = sourcecode.swift; path = RepositoriesTableViewCell.swift; sourceTree = "<group>"; };
		A6E92ECB28A2BE240085F163 /* RepositoriesTableViewCell.xib */ = {isa = PBXFileReference; lastKnownFileType = file.xib; path = RepositoriesTableViewCell.xib; sourceTree = "<group>"; };
		A6EFEDD328C9458100EC84C4 /* UserListViewController+ContextMenuExtension.swift */ = {isa = PBXFileReference; lastKnownFileType = sourcecode.swift; path = "UserListViewController+ContextMenuExtension.swift"; sourceTree = "<group>"; };
		A6EFEDD528C947EF00EC84C4 /* RepositoriesViewController+ContextMenuExtention.swift */ = {isa = PBXFileReference; lastKnownFileType = sourcecode.swift; path = "RepositoriesViewController+ContextMenuExtention.swift"; sourceTree = "<group>"; };
		A6EFEDD728C9485000EC84C4 /* RepositoriesViewController+RepostableCellDelegateExtention.swift */ = {isa = PBXFileReference; lastKnownFileType = sourcecode.swift; path = "RepositoriesViewController+RepostableCellDelegateExtention.swift"; sourceTree = "<group>"; };
		A6F80C1F28BEDCD100A44E99 /* HomeViewModel.swift */ = {isa = PBXFileReference; lastKnownFileType = sourcecode.swift; path = HomeViewModel.swift; sourceTree = "<group>"; };
		A6F80C2428C0261C00A44E99 /* CollectionViewTableViewCell.swift */ = {isa = PBXFileReference; lastKnownFileType = sourcecode.swift; path = CollectionViewTableViewCell.swift; sourceTree = "<group>"; };
		A6F80C2528C0261C00A44E99 /* CollectionViewTableViewCell.xib */ = {isa = PBXFileReference; lastKnownFileType = file.xib; path = CollectionViewTableViewCell.xib; sourceTree = "<group>"; };
/* End PBXFileReference section */

/* Begin PBXFrameworksBuildPhase section */
		A6260A3228883D6300276B91 /* Frameworks */ = {
			isa = PBXFrameworksBuildPhase;
			buildActionMask = 2147483647;
			files = (
				D45C49B2761BA5936A049BBA /* Pods_GitCat.framework in Frameworks */,
			);
			runOnlyForDeploymentPostprocessing = 0;
		};
		A6260A4B28883D6500276B91 /* Frameworks */ = {
			isa = PBXFrameworksBuildPhase;
			buildActionMask = 2147483647;
			files = (
				6BA91FBC2545A6CCC626F4F1 /* Pods_GitCatTests.framework in Frameworks */,
			);
			runOnlyForDeploymentPostprocessing = 0;
		};
		A6260A5528883D6500276B91 /* Frameworks */ = {
			isa = PBXFrameworksBuildPhase;
			buildActionMask = 2147483647;
			files = (
				75C9B9304F6DC215A915785C /* Pods_GitCat_GitCatUITests.framework in Frameworks */,
			);
			runOnlyForDeploymentPostprocessing = 0;
		};
/* End PBXFrameworksBuildPhase section */

/* Begin PBXGroup section */
		56304CFD1CDB752B4A1CA37D /* Pods */ = {
			isa = PBXGroup;
			children = (
				51C4C0B35B30808D4E146CD1 /* Pods-GitCat.debug.xcconfig */,
				60BB5120238F895C84C842AD /* Pods-GitCat.release.xcconfig */,
				42440A31115A4FD6716E26DF /* Pods-GitCat-GitCatUITests.debug.xcconfig */,
				45118C17D36FC19E20D924A5 /* Pods-GitCat-GitCatUITests.release.xcconfig */,
				11413AE2D054C274118FC5BC /* Pods-GitCatTests.debug.xcconfig */,
				0B53FFE354499FE44F1CD07C /* Pods-GitCatTests.release.xcconfig */,
			);
			path = Pods;
			sourceTree = "<group>";
		};
		A60C207528D105F90031DFE0 /* Splash Scene */ = {
			isa = PBXGroup;
			children = (
				A60C207628D106250031DFE0 /* SplashViewController.swift */,
			);
			path = "Splash Scene";
			sourceTree = "<group>";
		};
		A6260A2C28883D6300276B91 = {
			isa = PBXGroup;
			children = (
				A6260A3728883D6300276B91 /* GitCat */,
				A6260A5128883D6500276B91 /* GitCatTests */,
				A6260A5B28883D6500276B91 /* GitCatUITests */,
				A6260A3628883D6300276B91 /* Products */,
				56304CFD1CDB752B4A1CA37D /* Pods */,
				D50D7B4AABB7190A8077B866 /* Frameworks */,
			);
			sourceTree = "<group>";
		};
		A6260A3628883D6300276B91 /* Products */ = {
			isa = PBXGroup;
			children = (
				A6260A3528883D6300276B91 /* GitCat.app */,
				A6260A4E28883D6500276B91 /* GitCatTests.xctest */,
				A6260A5828883D6500276B91 /* GitCatUITests.xctest */,
			);
			name = Products;
			sourceTree = "<group>";
		};
		A6260A3728883D6300276B91 /* GitCat */ = {
			isa = PBXGroup;
			children = (
				A6AC5C5F288849A0003415FC /* AppDelegate */,
				A6BB749828B50EB10051C48F /* Helpers */,
				A6E7FFB0288C3F130055B0FA /* NetworkReachabilityManager */,
				A6B518D028CF788500D699D6 /* SecureStore */,
				A6AC5C602888526B003415FC /* NetworkingManager */,
				A6781712289C27E9007F6BBC /* Scenes */,
				A6BB74B928B7C43A0051C48F /* Storyboards */,
				A6AC5C6728885872003415FC /* Models */,
				A6BB74BC28B9223F0051C48F /* DataBase */,
				A6260A4428883D6500276B91 /* Assets.xcassets */,
				A6260A4928883D6500276B91 /* Info.plist */,
			);
			path = GitCat;
			sourceTree = "<group>";
		};
		A6260A5128883D6500276B91 /* GitCatTests */ = {
			isa = PBXGroup;
			children = (
				A6260A5228883D6500276B91 /* GitCatTests.swift */,
			);
			path = GitCatTests;
			sourceTree = "<group>";
		};
		A6260A5B28883D6500276B91 /* GitCatUITests */ = {
			isa = PBXGroup;
			children = (
				A6260A5C28883D6500276B91 /* GitCatUITests.swift */,
				A6260A5E28883D6500276B91 /* GitCatUITestsLaunchTests.swift */,
			);
			path = GitCatUITests;
			sourceTree = "<group>";
		};
		A63B410528BE4DAE00E624DB /* Issues Scene */ = {
			isa = PBXGroup;
			children = (
				A63B410628BE4DE300E624DB /* ViewController */,
				A63B410728BE4DF900E624DB /* ViewModel */,
			);
			path = "Issues Scene";
			sourceTree = "<group>";
		};
		A63B410628BE4DE300E624DB /* ViewController */ = {
			isa = PBXGroup;
			children = (
				A63B410928BE4FF400E624DB /* IssuesViewController.swift */,
				A63B410F28BE59C000E624DB /* IssuesViewController+TableViewExtention.swift */,
				A63B411128BE5CBF00E624DB /* IssuesViewController+SearchExtention.swift */,
			);
			path = ViewController;
			sourceTree = "<group>";
		};
		A63B410728BE4DF900E624DB /* ViewModel */ = {
			isa = PBXGroup;
			children = (
				A63B410B28BE507400E624DB /* IssuesViewModel.swift */,
			);
			path = ViewModel;
			sourceTree = "<group>";
		};
		A63B411328BE615200E624DB /* GithubWebView Scene */ = {
			isa = PBXGroup;
			children = (
				A63B411628BE62DD00E624DB /* ViewController */,
			);
			path = "GithubWebView Scene";
			sourceTree = "<group>";
		};
		A63B411628BE62DD00E624DB /* ViewController */ = {
			isa = PBXGroup;
			children = (
				A63B411428BE618500E624DB /* WebViewViewController.swift */,
			);
			path = ViewController;
			sourceTree = "<group>";
		};
		A63B411728BE903500E624DB /* ViewController */ = {
			isa = PBXGroup;
			children = (
				A63B411A28BE90DD00E624DB /* ExploreViewController.swift */,
				A63B411E28BEB37D00E624DB /* ExploreViewController+TableViewExtention.swift */,
				A63055F628D39D27001A0C9C /* ExploreViewController+SearchExtension.swift */,
			);
			path = ViewController;
			sourceTree = "<group>";
		};
		A63B411828BE904600E624DB /* ViewModel */ = {
			isa = PBXGroup;
			children = (
				A63B411C28BE90F000E624DB /* ExploreViewModel.swift */,
			);
			path = ViewModel;
			sourceTree = "<group>";
		};
		A63B411928BE905500E624DB /* TableviewCell */ = {
			isa = PBXGroup;
			children = (
				A63B412028BEB49C00E624DB /* ExploreTableViewCell.swift */,
				A63B412128BEB49C00E624DB /* ExploreTableViewCell.xib */,
			);
			path = TableviewCell;
			sourceTree = "<group>";
		};
		A64C5FFE28CB6AD70070C77B /* Login Scene */ = {
			isa = PBXGroup;
			children = (
				A64C600028CB6AF00070C77B /* ViewController */,
			);
			path = "Login Scene";
			sourceTree = "<group>";
		};
		A64C600028CB6AF00070C77B /* ViewController */ = {
			isa = PBXGroup;
			children = (
				A64C600128CB6B0D0070C77B /* LoginViewController.swift */,
			);
			path = ViewController;
			sourceTree = "<group>";
		};
		A67074DE28A4214E00DBBB3F /* TableViewCell */ = {
			isa = PBXGroup;
			children = (
				A67074DF28A4216200DBBB3F /* SettingsTableViewCell.swift */,
				A67074E028A4216200DBBB3F /* SettingsTableViewCell.xib */,
			);
			path = TableViewCell;
			sourceTree = "<group>";
		};
		A6781712289C27E9007F6BBC /* Scenes */ = {
			isa = PBXGroup;
			children = (
				A60C207528D105F90031DFE0 /* Splash Scene */,
				A64C5FFE28CB6AD70070C77B /* Login Scene */,
				A678171A289C3FA0007F6BBC /* Home Scene */,
				A6E92EB928A2A8BA0085F163 /* In-Home Scenes */,
				A6C73FDF289D79EE001C7E16 /* Explore Scene */,
				A6E92EBB28A2A8E40085F163 /* Bookmarks Scene */,
				A6E92EBC28A2A9130085F163 /* Profile Scene */,
				A699422528A32B23000B2410 /* Settings Scene */,
			);
			path = Scenes;
			sourceTree = "<group>";
		};
		A678171A289C3FA0007F6BBC /* Home Scene */ = {
			isa = PBXGroup;
			children = (
				A678171B289D6676007F6BBC /* ViewContoller */,
				A6F80C1E28BEDCAC00A44E99 /* ViewModel */,
				A678171C289D66BC007F6BBC /* TableViewCell */,
			);
			path = "Home Scene";
			sourceTree = "<group>";
		};
		A678171B289D6676007F6BBC /* ViewContoller */ = {
			isa = PBXGroup;
			children = (
				A6781718289C3F93007F6BBC /* HomeViewController.swift */,
				A6C73FDD289D7139001C7E16 /* HomeViewController+TableViewExtension.swift */,
				A6C73FE8289F2017001C7E16 /* HomeViewController+SearchExtension.swift */,
			);
			path = ViewContoller;
			sourceTree = "<group>";
		};
		A678171C289D66BC007F6BBC /* TableViewCell */ = {
			isa = PBXGroup;
			children = (
				A6593560289D67A1006A95F6 /* HomeTableViewCell.swift */,
				A6593561289D67A1006A95F6 /* HomeTableViewCell.xib */,
			);
			path = TableViewCell;
			sourceTree = "<group>";
		};
		A68A3B1428AC1E5300A08BF8 /* SearchHistory Scene */ = {
			isa = PBXGroup;
			children = (
				A68A3B1728AC217200A08BF8 /* ViewController */,
				A68A3B1A28AC26FF00A08BF8 /* ViewModel */,
				A6BB749B28B51EBD0051C48F /* RecentVisitedUsersHeader */,
			);
			path = "SearchHistory Scene";
			sourceTree = "<group>";
		};
		A68A3B1728AC217200A08BF8 /* ViewController */ = {
			isa = PBXGroup;
			children = (
				A6BB748D28B3C0E30051C48F /* SearchHistoryViewController.swift */,
			);
			path = ViewController;
			sourceTree = "<group>";
		};
		A68A3B1A28AC26FF00A08BF8 /* ViewModel */ = {
			isa = PBXGroup;
			children = (
				A6BB748F28B3C0F60051C48F /* SearchHistoryViewModel.swift */,
			);
			path = ViewModel;
			sourceTree = "<group>";
		};
		A699421528A31335000B2410 /* Commits Scene */ = {
			isa = PBXGroup;
			children = (
				A699421A28A31435000B2410 /* ViewController */,
				A699421B28A31456000B2410 /* ViewModel */,
				A699421928A3142F000B2410 /* TableViewCell */,
			);
			path = "Commits Scene";
			sourceTree = "<group>";
		};
		A699421928A3142F000B2410 /* TableViewCell */ = {
			isa = PBXGroup;
			children = (
				A699421C28A3146D000B2410 /* CommitsTableViewCell.swift */,
				A699421D28A3146D000B2410 /* CommitsTableViewCell.xib */,
			);
			path = TableViewCell;
			sourceTree = "<group>";
		};
		A699421A28A31435000B2410 /* ViewController */ = {
			isa = PBXGroup;
			children = (
				A699421728A31373000B2410 /* CommitsViewController.swift */,
				A6C6432728A6802C00271B3D /* CommitsViewController+TableViewExtention.swift */,
			);
			path = ViewController;
			sourceTree = "<group>";
		};
		A699421B28A31456000B2410 /* ViewModel */ = {
			isa = PBXGroup;
			children = (
				A6BB748228B2EF780051C48F /* CommitsViewModel.swift */,
			);
			path = ViewModel;
			sourceTree = "<group>";
		};
		A699422128A31DAE000B2410 /* ViewController */ = {
			isa = PBXGroup;
			children = (
				A699422328A31E05000B2410 /* BookmarksViewController.swift */,
				A6C6432928A683B600271B3D /* BookmarksViewController+TableViewExtention.swift */,
				A6C6432B28A6840900271B3D /* BookmarksViewController+SearchExtention.swift */,
			);
			path = ViewController;
			sourceTree = "<group>";
		};
		A699422228A31DCC000B2410 /* ViewModel */ = {
			isa = PBXGroup;
			children = (
				A604334728BC3F1300FCA105 /* BookmarksViewModel.swift */,
			);
			path = ViewModel;
			sourceTree = "<group>";
		};
		A699422528A32B23000B2410 /* Settings Scene */ = {
			isa = PBXGroup;
			children = (
				A6C6433028A6857700271B3D /* ViewController */,
				A6C6433128A685BE00271B3D /* UserInfoHeader */,
				A6C6433528A7D47100271B3D /* SettingsSectionModel */,
				A67074DE28A4214E00DBBB3F /* TableViewCell */,
			);
			path = "Settings Scene";
			sourceTree = "<group>";
		};
		A6AC5C5C28884870003415FC /* UsersList Scene */ = {
			isa = PBXGroup;
			children = (
				A6AC5C6A288859A4003415FC /* ViewController */,
				A6AC5C6B288859AE003415FC /* ViewModel */,
				A6AC5C6C288859B9003415FC /* UsersTableViewCell */,
				A6BB749128B3D2880051C48F /* RecentSearchTableViewCell */,
				A6F80C2328C0255A00A44E99 /* CollectionViewTableViewCell */,
				A6BB749F28B522C80051C48F /* CollectionViewCell */,
			);
			path = "UsersList Scene";
			sourceTree = "<group>";
		};
		A6AC5C5F288849A0003415FC /* AppDelegate */ = {
			isa = PBXGroup;
			children = (
				A6260A3828883D6300276B91 /* AppDelegate.swift */,
				A6260A3A28883D6300276B91 /* SceneDelegate.swift */,
			);
			path = AppDelegate;
			sourceTree = "<group>";
		};
		A6AC5C602888526B003415FC /* NetworkingManager */ = {
			isa = PBXGroup;
			children = (
				A64C600528CC105E0070C77B /* APIManager.swift */,
				A6B518C628CF675E00D699D6 /* NetworkLogger.swift */,
				A6B518C828CF676F00D699D6 /* RequestInterceptor.swift */,
				A6E560DE28CFEF8700570357 /* Router.swift */,
				A6B518CA28CF6C8D00D699D6 /* Oauth */,
				A6B518CF28CF725000D699D6 /* Old */,
			);
			path = NetworkingManager;
			sourceTree = "<group>";
		};
		A6AC5C6728885872003415FC /* Models */ = {
			isa = PBXGroup;
			children = (
				A6C6433328A6E8E800271B3D /* SearchUsersModel.swift */,
				A6BB748428B2EFEB0051C48F /* CommitsModel.swift */,
				A6BB748628B301420051C48F /* SearchRepositoriesModel.swift */,
				A6BB748928B31B610051C48F /* OrganizationModel.swift */,
				A63B410D28BE52F400E624DB /* IssuesModel.swift */,
			);
			path = Models;
			sourceTree = "<group>";
		};
		A6AC5C6A288859A4003415FC /* ViewController */ = {
			isa = PBXGroup;
			children = (
				A6260A6B28883E8600276B91 /* UsersListViewController.swift */,
				A6AC5C75288B058D003415FC /* UsersListViewController+TableViewExtension.swift */,
				A6AC5C73288B0543003415FC /* UsersListViewController+SearchExtension.swift */,
				A6EFEDD328C9458100EC84C4 /* UserListViewController+ContextMenuExtension.swift */,
			);
			path = ViewController;
			sourceTree = "<group>";
		};
		A6AC5C6B288859AE003415FC /* ViewModel */ = {
			isa = PBXGroup;
			children = (
				A6AC5C6D2889991C003415FC /* UsersListViewModel.swift */,
			);
			path = ViewModel;
			sourceTree = "<group>";
		};
		A6AC5C6C288859B9003415FC /* UsersTableViewCell */ = {
			isa = PBXGroup;
			children = (
				A6AC5C6F2889A8E1003415FC /* UsersListTableViewCell.swift */,
				A6AC5C702889A8E1003415FC /* UsersListTableViewCell.xib */,
			);
			path = UsersTableViewCell;
			sourceTree = "<group>";
		};
		A6B518CA28CF6C8D00D699D6 /* Oauth */ = {
			isa = PBXGroup;
			children = (
				A6B518CB28CF6CAF00D699D6 /* GitHubAccessToken.swift */,
				A6B518CD28CF719700D699D6 /* TokenManager.swift */,
			);
			path = Oauth;
			sourceTree = "<group>";
		};
		A6B518CF28CF725000D699D6 /* Old */ = {
			isa = PBXGroup;
			children = (
				A6AC5C65288852C5003415FC /* URLs.swift */,
				A6AC5C6128885292003415FC /* NetworkingManager.swift */,
				A6AC5C63288852BA003415FC /* ApiService.swift */,
			);
			path = Old;
			sourceTree = "<group>";
		};
		A6B518D028CF788500D699D6 /* SecureStore */ = {
			isa = PBXGroup;
			children = (
				A6B518D128CF789000D699D6 /* SecureStore.swift */,
				A6B518D328CF78B100D699D6 /* SecureStoreError.swift */,
				A6B518D528CF78CD00D699D6 /* SecureStoreQueryable.swift */,
			);
			path = SecureStore;
			sourceTree = "<group>";
		};
		A6BB749128B3D2880051C48F /* RecentSearchTableViewCell */ = {
			isa = PBXGroup;
			children = (
				A6BB749428B3D2CE0051C48F /* RecentSearchTableViewCell.swift */,
				A6BB749528B3D2CE0051C48F /* RecentSearchTableViewCell.xib */,
			);
			path = RecentSearchTableViewCell;
			sourceTree = "<group>";
		};
		A6BB749828B50EB10051C48F /* Helpers */ = {
			isa = PBXGroup;
			children = (
				A6781716289C28A9007F6BBC /* Constants.swift */,
			);
			path = Helpers;
			sourceTree = "<group>";
		};
		A6BB749B28B51EBD0051C48F /* RecentVisitedUsersHeader */ = {
			isa = PBXGroup;
			children = (
				A6BB749E28B522BE0051C48F /* View */,
			);
			path = RecentVisitedUsersHeader;
			sourceTree = "<group>";
		};
		A6BB749E28B522BE0051C48F /* View */ = {
			isa = PBXGroup;
			children = (
				A6BB749C28B51EFA0051C48F /* RecentVisitedUsersHeader.swift */,
			);
			path = View;
			sourceTree = "<group>";
		};
		A6BB749F28B522C80051C48F /* CollectionViewCell */ = {
			isa = PBXGroup;
			children = (
				A6BB74A028B522F80051C48F /* RecentVisitedUsersCollectionViewCell.swift */,
				A6BB74A128B522F80051C48F /* RecentVisitedUsersCollectionViewCell.xib */,
			);
			path = CollectionViewCell;
			sourceTree = "<group>";
		};
		A6BB74A528B5616B0051C48F /* Organizations Scene */ = {
			isa = PBXGroup;
			children = (
				A6BB74A728B561A30051C48F /* ViewController */,
				A6BB74A928B561C70051C48F /* ViewModel */,
				A6BB74B228B562750051C48F /* TableViewCell */,
			);
			path = "Organizations Scene";
			sourceTree = "<group>";
		};
		A6BB74A728B561A30051C48F /* ViewController */ = {
			isa = PBXGroup;
			children = (
				A6BB74AE28B5625A0051C48F /* OrganizationsViewController.swift */,
				A6BB74BA28B85ECB0051C48F /* OrganizationsViewController+TableViewExtention.swift */,
			);
			path = ViewController;
			sourceTree = "<group>";
		};
		A6BB74A928B561C70051C48F /* ViewModel */ = {
			isa = PBXGroup;
			children = (
				A6BB74B028B562670051C48F /* OrganizationsViewModel.swift */,
			);
			path = ViewModel;
			sourceTree = "<group>";
		};
		A6BB74B228B562750051C48F /* TableViewCell */ = {
			isa = PBXGroup;
			children = (
				A6BB74B328B562970051C48F /* OrganizationsTableViewCell.swift */,
				A6BB74B428B562970051C48F /* OrganizationsTableViewCell.xib */,
			);
			path = TableViewCell;
			sourceTree = "<group>";
		};
		A6BB74B928B7C43A0051C48F /* Storyboards */ = {
			isa = PBXGroup;
			children = (
				A6260A3E28883D6300276B91 /* Main.storyboard */,
				A6260A4628883D6500276B91 /* LaunchScreen.storyboard */,
			);
			path = Storyboards;
			sourceTree = "<group>";
		};
		A6BB74BC28B9223F0051C48F /* DataBase */ = {
			isa = PBXGroup;
			children = (
				A6260A4128883D6300276B91 /* GitCat.xcdatamodeld */,
				A6BB74BD28B9226B0051C48F /* CoreDataManager.swift */,
			);
			path = DataBase;
			sourceTree = "<group>";
		};
		A6C6432428A67EE000271B3D /* ViewModel */ = {
			isa = PBXGroup;
			children = (
				A65DECB728B0398A00FDC2B6 /* UserDetailsViewModel.swift */,
			);
			path = ViewModel;
			sourceTree = "<group>";
		};
		A6C6432D28A6852800271B3D /* ViewController */ = {
			isa = PBXGroup;
			children = (
				A6E92EBD28A2A9460085F163 /* ProfileViewController.swift */,
				A6E92EBF28A2B59C0085F163 /* ProfileViewController+TableViewExtension.swift */,
			);
			path = ViewController;
			sourceTree = "<group>";
		};
		A6C6432E28A6856400271B3D /* ViewModel */ = {
			isa = PBXGroup;
			children = (
				A63055F428D144D9001A0C9C /* ProfileViewModel.swift */,
			);
			path = ViewModel;
			sourceTree = "<group>";
		};
		A6C6433028A6857700271B3D /* ViewController */ = {
			isa = PBXGroup;
			children = (
				A67074D428A3E47500DBBB3F /* SettingsViewController.swift */,
				A6BB749928B51E190051C48F /* SettingsViewController+TableViewExtention.swift */,
			);
			path = ViewController;
			sourceTree = "<group>";
		};
		A6C6433128A685BE00271B3D /* UserInfoHeader */ = {
			isa = PBXGroup;
			children = (
				A67074D628A3E85400DBBB3F /* UserInfoHeader.swift */,
			);
			path = UserInfoHeader;
			sourceTree = "<group>";
		};
		A6C6433528A7D47100271B3D /* SettingsSectionModel */ = {
			isa = PBXGroup;
			children = (
				A67074DA28A3F38500DBBB3F /* SettingsSection.swift */,
			);
			path = SettingsSectionModel;
			sourceTree = "<group>";
		};
		A6C73FDF289D79EE001C7E16 /* Explore Scene */ = {
			isa = PBXGroup;
			children = (
				A63B411728BE903500E624DB /* ViewController */,
				A63B411828BE904600E624DB /* ViewModel */,
				A63B411928BE905500E624DB /* TableviewCell */,
			);
			path = "Explore Scene";
			sourceTree = "<group>";
		};
		A6E7FFB0288C3F130055B0FA /* NetworkReachabilityManager */ = {
			isa = PBXGroup;
			children = (
				A6E7FFAE288C3F0F0055B0FA /* NetworkReachability.swift */,
			);
			path = NetworkReachabilityManager;
			sourceTree = "<group>";
		};
		A6E92EA028A12F580085F163 /* UserDetails Scene */ = {
			isa = PBXGroup;
			children = (
				A6E92EAC28A1998B0085F163 /* ViewContoller */,
				A6C6432428A67EE000271B3D /* ViewModel */,
				A6E92EB428A299540085F163 /* UserDetailsTableViewCell */,
			);
			path = "UserDetails Scene";
			sourceTree = "<group>";
		};
		A6E92EAC28A1998B0085F163 /* ViewContoller */ = {
			isa = PBXGroup;
			children = (
				A6E92EA128A12F800085F163 /* UserDetailsViewController.swift */,
				A6C6432228A67CAF00271B3D /* UserDetailsViewController+TableViewExtension.swift */,
			);
			path = ViewContoller;
			sourceTree = "<group>";
		};
		A6E92EB428A299540085F163 /* UserDetailsTableViewCell */ = {
			isa = PBXGroup;
			children = (
				A6E92EB528A299950085F163 /* UserDetailsTableViewCell.swift */,
				A6E92EB628A299950085F163 /* UserDetailsTableViewCell.xib */,
			);
			path = UserDetailsTableViewCell;
			sourceTree = "<group>";
		};
		A6E92EB928A2A8BA0085F163 /* In-Home Scenes */ = {
			isa = PBXGroup;
			children = (
				A63B411328BE615200E624DB /* GithubWebView Scene */,
				A6AC5C5C28884870003415FC /* UsersList Scene */,
				A6E92EA028A12F580085F163 /* UserDetails Scene */,
				A68A3B1428AC1E5300A08BF8 /* SearchHistory Scene */,
				A6E92EC228A2BC120085F163 /* Repositories Scene */,
				A699421528A31335000B2410 /* Commits Scene */,
				A6BB74A528B5616B0051C48F /* Organizations Scene */,
				A63B410528BE4DAE00E624DB /* Issues Scene */,
			);
			path = "In-Home Scenes";
			sourceTree = "<group>";
		};
		A6E92EBB28A2A8E40085F163 /* Bookmarks Scene */ = {
			isa = PBXGroup;
			children = (
				A699422128A31DAE000B2410 /* ViewController */,
				A699422228A31DCC000B2410 /* ViewModel */,
			);
			path = "Bookmarks Scene";
			sourceTree = "<group>";
		};
		A6E92EBC28A2A9130085F163 /* Profile Scene */ = {
			isa = PBXGroup;
			children = (
				A6C6432D28A6852800271B3D /* ViewController */,
				A6C6432E28A6856400271B3D /* ViewModel */,
			);
			path = "Profile Scene";
			sourceTree = "<group>";
		};
		A6E92EC228A2BC120085F163 /* Repositories Scene */ = {
			isa = PBXGroup;
			children = (
				A6E92EC728A2BD980085F163 /* ViewController */,
				A6E92EC828A2BDE40085F163 /* ViewModel */,
				A6E92EC928A2BDF10085F163 /* TableViewCell */,
			);
			path = "Repositories Scene";
			sourceTree = "<group>";
		};
		A6E92EC728A2BD980085F163 /* ViewController */ = {
			isa = PBXGroup;
			children = (
				A6E92EC328A2BC500085F163 /* RepositoriesViewController.swift */,
				A6E92EC528A2BD1F0085F163 /* RepositoriesViewController+TableViewExtention.swift */,
				A6EFEDD528C947EF00EC84C4 /* RepositoriesViewController+ContextMenuExtention.swift */,
				A6C6432528A67F7400271B3D /* RepositoriesViewController+SearchExtention.swift */,
				A6EFEDD728C9485000EC84C4 /* RepositoriesViewController+RepostableCellDelegateExtention.swift */,
			);
			path = ViewController;
			sourceTree = "<group>";
		};
		A6E92EC828A2BDE40085F163 /* ViewModel */ = {
			isa = PBXGroup;
			children = (
				A65DECBB28B152E100FDC2B6 /* RepositoriesViewModel.swift */,
			);
			path = ViewModel;
			sourceTree = "<group>";
		};
		A6E92EC928A2BDF10085F163 /* TableViewCell */ = {
			isa = PBXGroup;
			children = (
				A6E92ECA28A2BE240085F163 /* RepositoriesTableViewCell.swift */,
				A6E92ECB28A2BE240085F163 /* RepositoriesTableViewCell.xib */,
			);
			path = TableViewCell;
			sourceTree = "<group>";
		};
		A6F80C1E28BEDCAC00A44E99 /* ViewModel */ = {
			isa = PBXGroup;
			children = (
				A6F80C1F28BEDCD100A44E99 /* HomeViewModel.swift */,
			);
			path = ViewModel;
			sourceTree = "<group>";
		};
		A6F80C2328C0255A00A44E99 /* CollectionViewTableViewCell */ = {
			isa = PBXGroup;
			children = (
				A6F80C2428C0261C00A44E99 /* CollectionViewTableViewCell.swift */,
				A6F80C2528C0261C00A44E99 /* CollectionViewTableViewCell.xib */,
			);
			path = CollectionViewTableViewCell;
			sourceTree = "<group>";
		};
		D50D7B4AABB7190A8077B866 /* Frameworks */ = {
			isa = PBXGroup;
			children = (
				7F8FC76201521B2B001E68BB /* Pods_GitCat.framework */,
				82B738712B077CF7DDD6608A /* Pods_GitCat_GitCatUITests.framework */,
				3E3D3101AB101E594ED9E93C /* Pods_GitCatTests.framework */,
			);
			name = Frameworks;
			sourceTree = "<group>";
		};
/* End PBXGroup section */

/* Begin PBXNativeTarget section */
		A6260A3428883D6300276B91 /* GitCat */ = {
			isa = PBXNativeTarget;
			buildConfigurationList = A6260A6228883D6500276B91 /* Build configuration list for PBXNativeTarget "GitCat" */;
			buildPhases = (
				2286386B8613D288B80882EF /* [CP] Check Pods Manifest.lock */,
				A6260A3128883D6300276B91 /* Sources */,
				A6260A3228883D6300276B91 /* Frameworks */,
				A6260A3328883D6300276B91 /* Resources */,
				4067DF67E0ADAF3DBE13CD80 /* [CP] Embed Pods Frameworks */,
			);
			buildRules = (
			);
			dependencies = (
			);
			name = GitCat;
			productName = GitCat;
			productReference = A6260A3528883D6300276B91 /* GitCat.app */;
			productType = "com.apple.product-type.application";
		};
		A6260A4D28883D6500276B91 /* GitCatTests */ = {
			isa = PBXNativeTarget;
			buildConfigurationList = A6260A6528883D6500276B91 /* Build configuration list for PBXNativeTarget "GitCatTests" */;
			buildPhases = (
				2F6736F4E290F176D226B3F8 /* [CP] Check Pods Manifest.lock */,
				A6260A4A28883D6500276B91 /* Sources */,
				A6260A4B28883D6500276B91 /* Frameworks */,
				A6260A4C28883D6500276B91 /* Resources */,
			);
			buildRules = (
			);
			dependencies = (
				A6260A5028883D6500276B91 /* PBXTargetDependency */,
			);
			name = GitCatTests;
			productName = GitCatTests;
			productReference = A6260A4E28883D6500276B91 /* GitCatTests.xctest */;
			productType = "com.apple.product-type.bundle.unit-test";
		};
		A6260A5728883D6500276B91 /* GitCatUITests */ = {
			isa = PBXNativeTarget;
			buildConfigurationList = A6260A6828883D6500276B91 /* Build configuration list for PBXNativeTarget "GitCatUITests" */;
			buildPhases = (
				CEFA47286374A2BAC42D0DE6 /* [CP] Check Pods Manifest.lock */,
				A6260A5428883D6500276B91 /* Sources */,
				A6260A5528883D6500276B91 /* Frameworks */,
				A6260A5628883D6500276B91 /* Resources */,
				81DFCD8B0FA51B4E377DAA68 /* [CP] Embed Pods Frameworks */,
			);
			buildRules = (
			);
			dependencies = (
				A6260A5A28883D6500276B91 /* PBXTargetDependency */,
			);
			name = GitCatUITests;
			productName = GitCatUITests;
			productReference = A6260A5828883D6500276B91 /* GitCatUITests.xctest */;
			productType = "com.apple.product-type.bundle.ui-testing";
		};
/* End PBXNativeTarget section */

/* Begin PBXProject section */
		A6260A2D28883D6300276B91 /* Project object */ = {
			isa = PBXProject;
			attributes = {
				BuildIndependentTargetsInParallel = 1;
				LastSwiftUpdateCheck = 1340;
				LastUpgradeCheck = 1340;
				TargetAttributes = {
					A6260A3428883D6300276B91 = {
						CreatedOnToolsVersion = 13.4.1;
					};
					A6260A4D28883D6500276B91 = {
						CreatedOnToolsVersion = 13.4.1;
						TestTargetID = A6260A3428883D6300276B91;
					};
					A6260A5728883D6500276B91 = {
						CreatedOnToolsVersion = 13.4.1;
						TestTargetID = A6260A3428883D6300276B91;
					};
				};
			};
			buildConfigurationList = A6260A3028883D6300276B91 /* Build configuration list for PBXProject "GitCat" */;
			compatibilityVersion = "Xcode 13.0";
			developmentRegion = en;
			hasScannedForEncodings = 0;
			knownRegions = (
				en,
				Base,
			);
			mainGroup = A6260A2C28883D6300276B91;
			productRefGroup = A6260A3628883D6300276B91 /* Products */;
			projectDirPath = "";
			projectRoot = "";
			targets = (
				A6260A3428883D6300276B91 /* GitCat */,
				A6260A4D28883D6500276B91 /* GitCatTests */,
				A6260A5728883D6500276B91 /* GitCatUITests */,
			);
		};
/* End PBXProject section */

/* Begin PBXResourcesBuildPhase section */
		A6260A3328883D6300276B91 /* Resources */ = {
			isa = PBXResourcesBuildPhase;
			buildActionMask = 2147483647;
			files = (
				A699421F28A3146D000B2410 /* CommitsTableViewCell.xib in Resources */,
				A6AC5C722889A8E1003415FC /* UsersListTableViewCell.xib in Resources */,
				A6F80C2728C0261C00A44E99 /* CollectionViewTableViewCell.xib in Resources */,
				A6BB74B628B562970051C48F /* OrganizationsTableViewCell.xib in Resources */,
				A6260A4828883D6500276B91 /* LaunchScreen.storyboard in Resources */,
				A67074E228A4216200DBBB3F /* SettingsTableViewCell.xib in Resources */,
				A6BB749728B3D2CE0051C48F /* RecentSearchTableViewCell.xib in Resources */,
				A6BB74A328B522F80051C48F /* RecentVisitedUsersCollectionViewCell.xib in Resources */,
				A6260A4528883D6500276B91 /* Assets.xcassets in Resources */,
				A63B412328BEB49C00E624DB /* ExploreTableViewCell.xib in Resources */,
				A6E92ECD28A2BE240085F163 /* RepositoriesTableViewCell.xib in Resources */,
				A6593563289D67A1006A95F6 /* HomeTableViewCell.xib in Resources */,
				A6260A4028883D6300276B91 /* Main.storyboard in Resources */,
				A6E92EB828A299950085F163 /* UserDetailsTableViewCell.xib in Resources */,
			);
			runOnlyForDeploymentPostprocessing = 0;
		};
		A6260A4C28883D6500276B91 /* Resources */ = {
			isa = PBXResourcesBuildPhase;
			buildActionMask = 2147483647;
			files = (
			);
			runOnlyForDeploymentPostprocessing = 0;
		};
		A6260A5628883D6500276B91 /* Resources */ = {
			isa = PBXResourcesBuildPhase;
			buildActionMask = 2147483647;
			files = (
			);
			runOnlyForDeploymentPostprocessing = 0;
		};
/* End PBXResourcesBuildPhase section */

/* Begin PBXShellScriptBuildPhase section */
		2286386B8613D288B80882EF /* [CP] Check Pods Manifest.lock */ = {
			isa = PBXShellScriptBuildPhase;
			buildActionMask = 2147483647;
			files = (
			);
			inputFileListPaths = (
			);
			inputPaths = (
				"${PODS_PODFILE_DIR_PATH}/Podfile.lock",
				"${PODS_ROOT}/Manifest.lock",
			);
			name = "[CP] Check Pods Manifest.lock";
			outputFileListPaths = (
			);
			outputPaths = (
				"$(DERIVED_FILE_DIR)/Pods-GitCat-checkManifestLockResult.txt",
			);
			runOnlyForDeploymentPostprocessing = 0;
			shellPath = /bin/sh;
			shellScript = "diff \"${PODS_PODFILE_DIR_PATH}/Podfile.lock\" \"${PODS_ROOT}/Manifest.lock\" > /dev/null\nif [ $? != 0 ] ; then\n    # print error to STDERR\n    echo \"error: The sandbox is not in sync with the Podfile.lock. Run 'pod install' or update your CocoaPods installation.\" >&2\n    exit 1\nfi\n# This output is used by Xcode 'outputs' to avoid re-running this script phase.\necho \"SUCCESS\" > \"${SCRIPT_OUTPUT_FILE_0}\"\n";
			showEnvVarsInLog = 0;
		};
		2F6736F4E290F176D226B3F8 /* [CP] Check Pods Manifest.lock */ = {
			isa = PBXShellScriptBuildPhase;
			buildActionMask = 2147483647;
			files = (
			);
			inputFileListPaths = (
			);
			inputPaths = (
				"${PODS_PODFILE_DIR_PATH}/Podfile.lock",
				"${PODS_ROOT}/Manifest.lock",
			);
			name = "[CP] Check Pods Manifest.lock";
			outputFileListPaths = (
			);
			outputPaths = (
				"$(DERIVED_FILE_DIR)/Pods-GitCatTests-checkManifestLockResult.txt",
			);
			runOnlyForDeploymentPostprocessing = 0;
			shellPath = /bin/sh;
			shellScript = "diff \"${PODS_PODFILE_DIR_PATH}/Podfile.lock\" \"${PODS_ROOT}/Manifest.lock\" > /dev/null\nif [ $? != 0 ] ; then\n    # print error to STDERR\n    echo \"error: The sandbox is not in sync with the Podfile.lock. Run 'pod install' or update your CocoaPods installation.\" >&2\n    exit 1\nfi\n# This output is used by Xcode 'outputs' to avoid re-running this script phase.\necho \"SUCCESS\" > \"${SCRIPT_OUTPUT_FILE_0}\"\n";
			showEnvVarsInLog = 0;
		};
		4067DF67E0ADAF3DBE13CD80 /* [CP] Embed Pods Frameworks */ = {
			isa = PBXShellScriptBuildPhase;
			buildActionMask = 2147483647;
			files = (
			);
			inputFileListPaths = (
				"${PODS_ROOT}/Target Support Files/Pods-GitCat/Pods-GitCat-frameworks-${CONFIGURATION}-input-files.xcfilelist",
			);
			name = "[CP] Embed Pods Frameworks";
			outputFileListPaths = (
				"${PODS_ROOT}/Target Support Files/Pods-GitCat/Pods-GitCat-frameworks-${CONFIGURATION}-output-files.xcfilelist",
			);
			runOnlyForDeploymentPostprocessing = 0;
			shellPath = /bin/sh;
			shellScript = "\"${PODS_ROOT}/Target Support Files/Pods-GitCat/Pods-GitCat-frameworks.sh\"\n";
			showEnvVarsInLog = 0;
		};
		81DFCD8B0FA51B4E377DAA68 /* [CP] Embed Pods Frameworks */ = {
			isa = PBXShellScriptBuildPhase;
			buildActionMask = 2147483647;
			files = (
			);
			inputFileListPaths = (
				"${PODS_ROOT}/Target Support Files/Pods-GitCat-GitCatUITests/Pods-GitCat-GitCatUITests-frameworks-${CONFIGURATION}-input-files.xcfilelist",
			);
			name = "[CP] Embed Pods Frameworks";
			outputFileListPaths = (
				"${PODS_ROOT}/Target Support Files/Pods-GitCat-GitCatUITests/Pods-GitCat-GitCatUITests-frameworks-${CONFIGURATION}-output-files.xcfilelist",
			);
			runOnlyForDeploymentPostprocessing = 0;
			shellPath = /bin/sh;
			shellScript = "\"${PODS_ROOT}/Target Support Files/Pods-GitCat-GitCatUITests/Pods-GitCat-GitCatUITests-frameworks.sh\"\n";
			showEnvVarsInLog = 0;
		};
		CEFA47286374A2BAC42D0DE6 /* [CP] Check Pods Manifest.lock */ = {
			isa = PBXShellScriptBuildPhase;
			buildActionMask = 2147483647;
			files = (
			);
			inputFileListPaths = (
			);
			inputPaths = (
				"${PODS_PODFILE_DIR_PATH}/Podfile.lock",
				"${PODS_ROOT}/Manifest.lock",
			);
			name = "[CP] Check Pods Manifest.lock";
			outputFileListPaths = (
			);
			outputPaths = (
				"$(DERIVED_FILE_DIR)/Pods-GitCat-GitCatUITests-checkManifestLockResult.txt",
			);
			runOnlyForDeploymentPostprocessing = 0;
			shellPath = /bin/sh;
			shellScript = "diff \"${PODS_PODFILE_DIR_PATH}/Podfile.lock\" \"${PODS_ROOT}/Manifest.lock\" > /dev/null\nif [ $? != 0 ] ; then\n    # print error to STDERR\n    echo \"error: The sandbox is not in sync with the Podfile.lock. Run 'pod install' or update your CocoaPods installation.\" >&2\n    exit 1\nfi\n# This output is used by Xcode 'outputs' to avoid re-running this script phase.\necho \"SUCCESS\" > \"${SCRIPT_OUTPUT_FILE_0}\"\n";
			showEnvVarsInLog = 0;
		};
/* End PBXShellScriptBuildPhase section */

/* Begin PBXSourcesBuildPhase section */
		A6260A3128883D6300276B91 /* Sources */ = {
			isa = PBXSourcesBuildPhase;
			buildActionMask = 2147483647;
			files = (
				A6BB748528B2EFEB0051C48F /* CommitsModel.swift in Sources */,
				A699422428A31E05000B2410 /* BookmarksViewController.swift in Sources */,
				A6BB749A28B51E190051C48F /* SettingsViewController+TableViewExtention.swift in Sources */,
				A6B518CE28CF719700D699D6 /* TokenManager.swift in Sources */,
				A6BB74BE28B9226B0051C48F /* CoreDataManager.swift in Sources */,
				A6E92ECC28A2BE240085F163 /* RepositoriesTableViewCell.swift in Sources */,
				A6AC5C712889A8E1003415FC /* UsersListTableViewCell.swift in Sources */,
				A6C6432C28A6840900271B3D /* BookmarksViewController+SearchExtention.swift in Sources */,
				A63B411528BE618500E624DB /* WebViewViewController.swift in Sources */,
				A6BB74A228B522F80051C48F /* RecentVisitedUsersCollectionViewCell.swift in Sources */,
				A6EFEDD628C947EF00EC84C4 /* RepositoriesViewController+ContextMenuExtention.swift in Sources */,
				A6F80C2628C0261C00A44E99 /* CollectionViewTableViewCell.swift in Sources */,
				A6AC5C74288B0543003415FC /* UsersListViewController+SearchExtension.swift in Sources */,
				A6BB74BB28B85ECB0051C48F /* OrganizationsViewController+TableViewExtention.swift in Sources */,
				A6BB748728B301420051C48F /* SearchRepositoriesModel.swift in Sources */,
				A6BB74B128B562670051C48F /* OrganizationsViewModel.swift in Sources */,
				A6AC5C76288B058D003415FC /* UsersListViewController+TableViewExtension.swift in Sources */,
				A6781717289C28A9007F6BBC /* Constants.swift in Sources */,
				A6C6432A28A683B700271B3D /* BookmarksViewController+TableViewExtention.swift in Sources */,
				A64C600628CC105E0070C77B /* APIManager.swift in Sources */,
				A6781719289C3F93007F6BBC /* HomeViewController.swift in Sources */,
				A6EFEDD828C9485000EC84C4 /* RepositoriesViewController+RepostableCellDelegateExtention.swift in Sources */,
				A6260A3928883D6300276B91 /* AppDelegate.swift in Sources */,
				A6BB74B528B562970051C48F /* OrganizationsTableViewCell.swift in Sources */,
				A63B411B28BE90DD00E624DB /* ExploreViewController.swift in Sources */,
				A63B411D28BE90F000E624DB /* ExploreViewModel.swift in Sources */,
				A63055F528D144D9001A0C9C /* ProfileViewModel.swift in Sources */,
				A63B410C28BE507400E624DB /* IssuesViewModel.swift in Sources */,
				A6C6432828A6802C00271B3D /* CommitsViewController+TableViewExtention.swift in Sources */,
				A6E7FFAF288C3F0F0055B0FA /* NetworkReachability.swift in Sources */,
				A65DECBC28B152E100FDC2B6 /* RepositoriesViewModel.swift in Sources */,
				A6C6432328A67CAF00271B3D /* UserDetailsViewController+TableViewExtension.swift in Sources */,
				A6BB748328B2EF780051C48F /* CommitsViewModel.swift in Sources */,
				A6260A6C28883E8600276B91 /* UsersListViewController.swift in Sources */,
				A6AC5C64288852BA003415FC /* ApiService.swift in Sources */,
				A6C73FDE289D713A001C7E16 /* HomeViewController+TableViewExtension.swift in Sources */,
				A6AC5C6E2889991C003415FC /* UsersListViewModel.swift in Sources */,
				A6E92EC428A2BC500085F163 /* RepositoriesViewController.swift in Sources */,
				A6BB748E28B3C0E30051C48F /* SearchHistoryViewController.swift in Sources */,
				A6C73FE9289F2017001C7E16 /* HomeViewController+SearchExtension.swift in Sources */,
				A6BB749D28B51EFA0051C48F /* RecentVisitedUsersHeader.swift in Sources */,
				A63B411228BE5CBF00E624DB /* IssuesViewController+SearchExtention.swift in Sources */,
				A6B518D628CF78CE00D699D6 /* SecureStoreQueryable.swift in Sources */,
				A699421828A31373000B2410 /* CommitsViewController.swift in Sources */,
				A6EFEDD428C9458100EC84C4 /* UserListViewController+ContextMenuExtension.swift in Sources */,
				A6BB74AF28B5625A0051C48F /* OrganizationsViewController.swift in Sources */,
				A6BB749028B3C0F60051C48F /* SearchHistoryViewModel.swift in Sources */,
				A6E92EB728A299950085F163 /* UserDetailsTableViewCell.swift in Sources */,
				A63B410A28BE4FF400E624DB /* IssuesViewController.swift in Sources */,
				A6E92EA228A12F800085F163 /* UserDetailsViewController.swift in Sources */,
				A67074D728A3E85400DBBB3F /* UserInfoHeader.swift in Sources */,
				A699421E28A3146D000B2410 /* CommitsTableViewCell.swift in Sources */,
				A6B518C928CF676F00D699D6 /* RequestInterceptor.swift in Sources */,
				A6AC5C66288852C5003415FC /* URLs.swift in Sources */,
				A67074DB28A3F38500DBBB3F /* SettingsSection.swift in Sources */,
				A6E92EC628A2BD1F0085F163 /* RepositoriesViewController+TableViewExtention.swift in Sources */,
				A6260A3B28883D6300276B91 /* SceneDelegate.swift in Sources */,
				A67074D528A3E47500DBBB3F /* SettingsViewController.swift in Sources */,
				A6F80C2028BEDCD100A44E99 /* HomeViewModel.swift in Sources */,
				A63B412228BEB49C00E624DB /* ExploreTableViewCell.swift in Sources */,
				A65DECB828B0398B00FDC2B6 /* UserDetailsViewModel.swift in Sources */,
				A63B411028BE59C000E624DB /* IssuesViewController+TableViewExtention.swift in Sources */,
				A6E560DF28CFEF8700570357 /* Router.swift in Sources */,
				A67074E128A4216200DBBB3F /* SettingsTableViewCell.swift in Sources */,
				A6B518D228CF789000D699D6 /* SecureStore.swift in Sources */,
				A604334828BC3F1300FCA105 /* BookmarksViewModel.swift in Sources */,
				A64C600228CB6B0D0070C77B /* LoginViewController.swift in Sources */,
				A6AC5C6228885292003415FC /* NetworkingManager.swift in Sources */,
				A6B518CC28CF6CAF00D699D6 /* GitHubAccessToken.swift in Sources */,
				A6BB748A28B31B610051C48F /* OrganizationModel.swift in Sources */,
				A63055F728D39D27001A0C9C /* ExploreViewController+SearchExtension.swift in Sources */,
				A63B411F28BEB37D00E624DB /* ExploreViewController+TableViewExtention.swift in Sources */,
				A6BB749628B3D2CE0051C48F /* RecentSearchTableViewCell.swift in Sources */,
				A6C6433428A6E8E900271B3D /* SearchUsersModel.swift in Sources */,
				A60C207728D106250031DFE0 /* SplashViewController.swift in Sources */,
				A63B410E28BE52F400E624DB /* IssuesModel.swift in Sources */,
				A6C6432628A67F7400271B3D /* RepositoriesViewController+SearchExtention.swift in Sources */,
				A6E92EBE28A2A9460085F163 /* ProfileViewController.swift in Sources */,
				A6593562289D67A1006A95F6 /* HomeTableViewCell.swift in Sources */,
				A6E92EC028A2B59C0085F163 /* ProfileViewController+TableViewExtension.swift in Sources */,
				A6B518D428CF78B100D699D6 /* SecureStoreError.swift in Sources */,
				A6260A4328883D6300276B91 /* GitCat.xcdatamodeld in Sources */,
				A6B518C728CF675E00D699D6 /* NetworkLogger.swift in Sources */,
			);
			runOnlyForDeploymentPostprocessing = 0;
		};
		A6260A4A28883D6500276B91 /* Sources */ = {
			isa = PBXSourcesBuildPhase;
			buildActionMask = 2147483647;
			files = (
				A6260A5328883D6500276B91 /* GitCatTests.swift in Sources */,
			);
			runOnlyForDeploymentPostprocessing = 0;
		};
		A6260A5428883D6500276B91 /* Sources */ = {
			isa = PBXSourcesBuildPhase;
			buildActionMask = 2147483647;
			files = (
				A6260A5F28883D6500276B91 /* GitCatUITestsLaunchTests.swift in Sources */,
				A6260A5D28883D6500276B91 /* GitCatUITests.swift in Sources */,
			);
			runOnlyForDeploymentPostprocessing = 0;
		};
/* End PBXSourcesBuildPhase section */

/* Begin PBXTargetDependency section */
		A6260A5028883D6500276B91 /* PBXTargetDependency */ = {
			isa = PBXTargetDependency;
			target = A6260A3428883D6300276B91 /* GitCat */;
			targetProxy = A6260A4F28883D6500276B91 /* PBXContainerItemProxy */;
		};
		A6260A5A28883D6500276B91 /* PBXTargetDependency */ = {
			isa = PBXTargetDependency;
			target = A6260A3428883D6300276B91 /* GitCat */;
			targetProxy = A6260A5928883D6500276B91 /* PBXContainerItemProxy */;
		};
/* End PBXTargetDependency section */

/* Begin PBXVariantGroup section */
		A6260A3E28883D6300276B91 /* Main.storyboard */ = {
			isa = PBXVariantGroup;
			children = (
				A6260A3F28883D6300276B91 /* Base */,
			);
			name = Main.storyboard;
			sourceTree = "<group>";
		};
		A6260A4628883D6500276B91 /* LaunchScreen.storyboard */ = {
			isa = PBXVariantGroup;
			children = (
				A6260A4728883D6500276B91 /* Base */,
			);
			name = LaunchScreen.storyboard;
			sourceTree = "<group>";
		};
/* End PBXVariantGroup section */

/* Begin XCBuildConfiguration section */
		A6260A6028883D6500276B91 /* Debug */ = {
			isa = XCBuildConfiguration;
			buildSettings = {
				ALWAYS_SEARCH_USER_PATHS = NO;
				CLANG_ANALYZER_NONNULL = YES;
				CLANG_ANALYZER_NUMBER_OBJECT_CONVERSION = YES_AGGRESSIVE;
				CLANG_CXX_LANGUAGE_STANDARD = "gnu++17";
				CLANG_ENABLE_MODULES = YES;
				CLANG_ENABLE_OBJC_ARC = YES;
				CLANG_ENABLE_OBJC_WEAK = YES;
				CLANG_WARN_BLOCK_CAPTURE_AUTORELEASING = YES;
				CLANG_WARN_BOOL_CONVERSION = YES;
				CLANG_WARN_COMMA = YES;
				CLANG_WARN_CONSTANT_CONVERSION = YES;
				CLANG_WARN_DEPRECATED_OBJC_IMPLEMENTATIONS = YES;
				CLANG_WARN_DIRECT_OBJC_ISA_USAGE = YES_ERROR;
				CLANG_WARN_DOCUMENTATION_COMMENTS = YES;
				CLANG_WARN_EMPTY_BODY = YES;
				CLANG_WARN_ENUM_CONVERSION = YES;
				CLANG_WARN_INFINITE_RECURSION = YES;
				CLANG_WARN_INT_CONVERSION = YES;
				CLANG_WARN_NON_LITERAL_NULL_CONVERSION = YES;
				CLANG_WARN_OBJC_IMPLICIT_RETAIN_SELF = YES;
				CLANG_WARN_OBJC_LITERAL_CONVERSION = YES;
				CLANG_WARN_OBJC_ROOT_CLASS = YES_ERROR;
				CLANG_WARN_QUOTED_INCLUDE_IN_FRAMEWORK_HEADER = YES;
				CLANG_WARN_RANGE_LOOP_ANALYSIS = YES;
				CLANG_WARN_STRICT_PROTOTYPES = YES;
				CLANG_WARN_SUSPICIOUS_MOVE = YES;
				CLANG_WARN_UNGUARDED_AVAILABILITY = YES_AGGRESSIVE;
				CLANG_WARN_UNREACHABLE_CODE = YES;
				CLANG_WARN__DUPLICATE_METHOD_MATCH = YES;
				COPY_PHASE_STRIP = NO;
				DEBUG_INFORMATION_FORMAT = dwarf;
				ENABLE_STRICT_OBJC_MSGSEND = YES;
				ENABLE_TESTABILITY = YES;
				GCC_C_LANGUAGE_STANDARD = gnu11;
				GCC_DYNAMIC_NO_PIC = NO;
				GCC_NO_COMMON_BLOCKS = YES;
				GCC_OPTIMIZATION_LEVEL = 0;
				GCC_PREPROCESSOR_DEFINITIONS = (
					"DEBUG=1",
					"$(inherited)",
				);
				GCC_WARN_64_TO_32_BIT_CONVERSION = YES;
				GCC_WARN_ABOUT_RETURN_TYPE = YES_ERROR;
				GCC_WARN_UNDECLARED_SELECTOR = YES;
				GCC_WARN_UNINITIALIZED_AUTOS = YES_AGGRESSIVE;
				GCC_WARN_UNUSED_FUNCTION = YES;
				GCC_WARN_UNUSED_VARIABLE = YES;
				IPHONEOS_DEPLOYMENT_TARGET = 15.5;
				MTL_ENABLE_DEBUG_INFO = INCLUDE_SOURCE;
				MTL_FAST_MATH = YES;
				ONLY_ACTIVE_ARCH = YES;
				SDKROOT = iphoneos;
				SWIFT_ACTIVE_COMPILATION_CONDITIONS = DEBUG;
				SWIFT_OPTIMIZATION_LEVEL = "-Onone";
			};
			name = Debug;
		};
		A6260A6128883D6500276B91 /* Release */ = {
			isa = XCBuildConfiguration;
			buildSettings = {
				ALWAYS_SEARCH_USER_PATHS = NO;
				CLANG_ANALYZER_NONNULL = YES;
				CLANG_ANALYZER_NUMBER_OBJECT_CONVERSION = YES_AGGRESSIVE;
				CLANG_CXX_LANGUAGE_STANDARD = "gnu++17";
				CLANG_ENABLE_MODULES = YES;
				CLANG_ENABLE_OBJC_ARC = YES;
				CLANG_ENABLE_OBJC_WEAK = YES;
				CLANG_WARN_BLOCK_CAPTURE_AUTORELEASING = YES;
				CLANG_WARN_BOOL_CONVERSION = YES;
				CLANG_WARN_COMMA = YES;
				CLANG_WARN_CONSTANT_CONVERSION = YES;
				CLANG_WARN_DEPRECATED_OBJC_IMPLEMENTATIONS = YES;
				CLANG_WARN_DIRECT_OBJC_ISA_USAGE = YES_ERROR;
				CLANG_WARN_DOCUMENTATION_COMMENTS = YES;
				CLANG_WARN_EMPTY_BODY = YES;
				CLANG_WARN_ENUM_CONVERSION = YES;
				CLANG_WARN_INFINITE_RECURSION = YES;
				CLANG_WARN_INT_CONVERSION = YES;
				CLANG_WARN_NON_LITERAL_NULL_CONVERSION = YES;
				CLANG_WARN_OBJC_IMPLICIT_RETAIN_SELF = YES;
				CLANG_WARN_OBJC_LITERAL_CONVERSION = YES;
				CLANG_WARN_OBJC_ROOT_CLASS = YES_ERROR;
				CLANG_WARN_QUOTED_INCLUDE_IN_FRAMEWORK_HEADER = YES;
				CLANG_WARN_RANGE_LOOP_ANALYSIS = YES;
				CLANG_WARN_STRICT_PROTOTYPES = YES;
				CLANG_WARN_SUSPICIOUS_MOVE = YES;
				CLANG_WARN_UNGUARDED_AVAILABILITY = YES_AGGRESSIVE;
				CLANG_WARN_UNREACHABLE_CODE = YES;
				CLANG_WARN__DUPLICATE_METHOD_MATCH = YES;
				COPY_PHASE_STRIP = NO;
				DEBUG_INFORMATION_FORMAT = "dwarf-with-dsym";
				ENABLE_NS_ASSERTIONS = NO;
				ENABLE_STRICT_OBJC_MSGSEND = YES;
				GCC_C_LANGUAGE_STANDARD = gnu11;
				GCC_NO_COMMON_BLOCKS = YES;
				GCC_WARN_64_TO_32_BIT_CONVERSION = YES;
				GCC_WARN_ABOUT_RETURN_TYPE = YES_ERROR;
				GCC_WARN_UNDECLARED_SELECTOR = YES;
				GCC_WARN_UNINITIALIZED_AUTOS = YES_AGGRESSIVE;
				GCC_WARN_UNUSED_FUNCTION = YES;
				GCC_WARN_UNUSED_VARIABLE = YES;
				IPHONEOS_DEPLOYMENT_TARGET = 15.5;
				MTL_ENABLE_DEBUG_INFO = NO;
				MTL_FAST_MATH = YES;
				SDKROOT = iphoneos;
				SWIFT_COMPILATION_MODE = wholemodule;
				SWIFT_OPTIMIZATION_LEVEL = "-O";
				VALIDATE_PRODUCT = YES;
			};
			name = Release;
		};
		A6260A6328883D6500276B91 /* Debug */ = {
			isa = XCBuildConfiguration;
			baseConfigurationReference = 51C4C0B35B30808D4E146CD1 /* Pods-GitCat.debug.xcconfig */;
			buildSettings = {
				ASSETCATALOG_COMPILER_APPICON_NAME = AppIcon;
				ASSETCATALOG_COMPILER_GLOBAL_ACCENT_COLOR_NAME = AccentColor;
				CODE_SIGN_STYLE = Automatic;
				CURRENT_PROJECT_VERSION = 1;
				DEVELOPMENT_TEAM = HK3DJJFRK7;
				GENERATE_INFOPLIST_FILE = YES;
				INFOPLIST_FILE = GitCat/Info.plist;
				INFOPLIST_KEY_NSPhotoLibraryAddUsageDescription = "Please allow access to save";
				INFOPLIST_KEY_UIApplicationSupportsIndirectInputEvents = YES;
				INFOPLIST_KEY_UILaunchStoryboardName = LaunchScreen;
				INFOPLIST_KEY_UIMainStoryboardFile = Main;
				INFOPLIST_KEY_UISupportedInterfaceOrientations_iPad = "UIInterfaceOrientationPortrait UIInterfaceOrientationPortraitUpsideDown UIInterfaceOrientationLandscapeLeft UIInterfaceOrientationLandscapeRight";
				INFOPLIST_KEY_UISupportedInterfaceOrientations_iPhone = "UIInterfaceOrientationPortrait UIInterfaceOrientationLandscapeLeft UIInterfaceOrientationLandscapeRight";
				IPHONEOS_DEPLOYMENT_TARGET = 15.5;
				LD_RUNPATH_SEARCH_PATHS = (
					"$(inherited)",
					"@executable_path/Frameworks",
				);
				MARKETING_VERSION = 1.0;
				PRODUCT_BUNDLE_IDENTIFIER = mostafa.GitCat;
				PRODUCT_NAME = "$(TARGET_NAME)";
				SWIFT_EMIT_LOC_STRINGS = YES;
				SWIFT_VERSION = 5.0;
				TARGETED_DEVICE_FAMILY = "1,2";
			};
			name = Debug;
		};
		A6260A6428883D6500276B91 /* Release */ = {
			isa = XCBuildConfiguration;
			baseConfigurationReference = 60BB5120238F895C84C842AD /* Pods-GitCat.release.xcconfig */;
			buildSettings = {
				ASSETCATALOG_COMPILER_APPICON_NAME = AppIcon;
				ASSETCATALOG_COMPILER_GLOBAL_ACCENT_COLOR_NAME = AccentColor;
				CODE_SIGN_STYLE = Automatic;
				CURRENT_PROJECT_VERSION = 1;
				DEVELOPMENT_TEAM = HK3DJJFRK7;
				GENERATE_INFOPLIST_FILE = YES;
				INFOPLIST_FILE = GitCat/Info.plist;
				INFOPLIST_KEY_NSPhotoLibraryAddUsageDescription = "Please allow access to save";
				INFOPLIST_KEY_UIApplicationSupportsIndirectInputEvents = YES;
				INFOPLIST_KEY_UILaunchStoryboardName = LaunchScreen;
				INFOPLIST_KEY_UIMainStoryboardFile = Main;
				INFOPLIST_KEY_UISupportedInterfaceOrientations_iPad = "UIInterfaceOrientationPortrait UIInterfaceOrientationPortraitUpsideDown UIInterfaceOrientationLandscapeLeft UIInterfaceOrientationLandscapeRight";
				INFOPLIST_KEY_UISupportedInterfaceOrientations_iPhone = "UIInterfaceOrientationPortrait UIInterfaceOrientationLandscapeLeft UIInterfaceOrientationLandscapeRight";
				IPHONEOS_DEPLOYMENT_TARGET = 15.5;
				LD_RUNPATH_SEARCH_PATHS = (
					"$(inherited)",
					"@executable_path/Frameworks",
				);
				MARKETING_VERSION = 1.0;
				PRODUCT_BUNDLE_IDENTIFIER = mostafa.GitCat;
				PRODUCT_NAME = "$(TARGET_NAME)";
				SWIFT_EMIT_LOC_STRINGS = YES;
				SWIFT_VERSION = 5.0;
				TARGETED_DEVICE_FAMILY = "1,2";
			};
			name = Release;
		};
		A6260A6628883D6500276B91 /* Debug */ = {
			isa = XCBuildConfiguration;
			baseConfigurationReference = 11413AE2D054C274118FC5BC /* Pods-GitCatTests.debug.xcconfig */;
			buildSettings = {
				ALWAYS_EMBED_SWIFT_STANDARD_LIBRARIES = YES;
				BUNDLE_LOADER = "$(TEST_HOST)";
				CODE_SIGN_STYLE = Automatic;
				CURRENT_PROJECT_VERSION = 1;
				DEVELOPMENT_TEAM = HK3DJJFRK7;
				GENERATE_INFOPLIST_FILE = YES;
				IPHONEOS_DEPLOYMENT_TARGET = 15.5;
				MARKETING_VERSION = 1.0;
				PRODUCT_BUNDLE_IDENTIFIER = mostafa.GitCatTests;
				PRODUCT_NAME = "$(TARGET_NAME)";
				SWIFT_EMIT_LOC_STRINGS = NO;
				SWIFT_VERSION = 5.0;
				TARGETED_DEVICE_FAMILY = "1,2";
				TEST_HOST = "$(BUILT_PRODUCTS_DIR)/GitCat.app/GitCat";
			};
			name = Debug;
		};
		A6260A6728883D6500276B91 /* Release */ = {
			isa = XCBuildConfiguration;
			baseConfigurationReference = 0B53FFE354499FE44F1CD07C /* Pods-GitCatTests.release.xcconfig */;
			buildSettings = {
				ALWAYS_EMBED_SWIFT_STANDARD_LIBRARIES = YES;
				BUNDLE_LOADER = "$(TEST_HOST)";
				CODE_SIGN_STYLE = Automatic;
				CURRENT_PROJECT_VERSION = 1;
				DEVELOPMENT_TEAM = HK3DJJFRK7;
				GENERATE_INFOPLIST_FILE = YES;
				IPHONEOS_DEPLOYMENT_TARGET = 15.5;
				MARKETING_VERSION = 1.0;
				PRODUCT_BUNDLE_IDENTIFIER = mostafa.GitCatTests;
				PRODUCT_NAME = "$(TARGET_NAME)";
				SWIFT_EMIT_LOC_STRINGS = NO;
				SWIFT_VERSION = 5.0;
				TARGETED_DEVICE_FAMILY = "1,2";
				TEST_HOST = "$(BUILT_PRODUCTS_DIR)/GitCat.app/GitCat";
			};
			name = Release;
		};
		A6260A6928883D6500276B91 /* Debug */ = {
			isa = XCBuildConfiguration;
			baseConfigurationReference = 42440A31115A4FD6716E26DF /* Pods-GitCat-GitCatUITests.debug.xcconfig */;
			buildSettings = {
				ALWAYS_EMBED_SWIFT_STANDARD_LIBRARIES = YES;
				CODE_SIGN_STYLE = Automatic;
				CURRENT_PROJECT_VERSION = 1;
				DEVELOPMENT_TEAM = HK3DJJFRK7;
				GENERATE_INFOPLIST_FILE = YES;
				MARKETING_VERSION = 1.0;
				PRODUCT_BUNDLE_IDENTIFIER = mostafa.GitCatUITests;
				PRODUCT_NAME = "$(TARGET_NAME)";
				SWIFT_EMIT_LOC_STRINGS = NO;
				SWIFT_VERSION = 5.0;
				TARGETED_DEVICE_FAMILY = "1,2";
				TEST_TARGET_NAME = GitCat;
			};
			name = Debug;
		};
		A6260A6A28883D6500276B91 /* Release */ = {
			isa = XCBuildConfiguration;
			baseConfigurationReference = 45118C17D36FC19E20D924A5 /* Pods-GitCat-GitCatUITests.release.xcconfig */;
			buildSettings = {
				ALWAYS_EMBED_SWIFT_STANDARD_LIBRARIES = YES;
				CODE_SIGN_STYLE = Automatic;
				CURRENT_PROJECT_VERSION = 1;
				DEVELOPMENT_TEAM = HK3DJJFRK7;
				GENERATE_INFOPLIST_FILE = YES;
				MARKETING_VERSION = 1.0;
				PRODUCT_BUNDLE_IDENTIFIER = mostafa.GitCatUITests;
				PRODUCT_NAME = "$(TARGET_NAME)";
				SWIFT_EMIT_LOC_STRINGS = NO;
				SWIFT_VERSION = 5.0;
				TARGETED_DEVICE_FAMILY = "1,2";
				TEST_TARGET_NAME = GitCat;
			};
			name = Release;
		};
/* End XCBuildConfiguration section */

/* Begin XCConfigurationList section */
		A6260A3028883D6300276B91 /* Build configuration list for PBXProject "GitCat" */ = {
			isa = XCConfigurationList;
			buildConfigurations = (
				A6260A6028883D6500276B91 /* Debug */,
				A6260A6128883D6500276B91 /* Release */,
			);
			defaultConfigurationIsVisible = 0;
			defaultConfigurationName = Release;
		};
		A6260A6228883D6500276B91 /* Build configuration list for PBXNativeTarget "GitCat" */ = {
			isa = XCConfigurationList;
			buildConfigurations = (
				A6260A6328883D6500276B91 /* Debug */,
				A6260A6428883D6500276B91 /* Release */,
			);
			defaultConfigurationIsVisible = 0;
			defaultConfigurationName = Release;
		};
		A6260A6528883D6500276B91 /* Build configuration list for PBXNativeTarget "GitCatTests" */ = {
			isa = XCConfigurationList;
			buildConfigurations = (
				A6260A6628883D6500276B91 /* Debug */,
				A6260A6728883D6500276B91 /* Release */,
			);
			defaultConfigurationIsVisible = 0;
			defaultConfigurationName = Release;
		};
		A6260A6828883D6500276B91 /* Build configuration list for PBXNativeTarget "GitCatUITests" */ = {
			isa = XCConfigurationList;
			buildConfigurations = (
				A6260A6928883D6500276B91 /* Debug */,
				A6260A6A28883D6500276B91 /* Release */,
			);
			defaultConfigurationIsVisible = 0;
			defaultConfigurationName = Release;
		};
/* End XCConfigurationList section */

/* Begin XCVersionGroup section */
		A6260A4128883D6300276B91 /* GitCat.xcdatamodeld */ = {
			isa = XCVersionGroup;
			children = (
				A6260A4228883D6300276B91 /* GitCat.xcdatamodel */,
			);
			currentVersion = A6260A4228883D6300276B91 /* GitCat.xcdatamodel */;
			path = GitCat.xcdatamodeld;
			sourceTree = "<group>";
			versionGroupType = wrapper.xcdatamodel;
		};
/* End XCVersionGroup section */
	};
	rootObject = A6260A2D28883D6300276B91 /* Project object */;
}
